// !$*UTF8*$!
{
	archiveVersion = 1;
	classes = {
	};
	objectVersion = 77;
	objects = {

/* Begin PBXBuildFile section */
		3E6A57082E2D5626004B9541 /* Foundation.framework in Frameworks */ = {isa = PBXBuildFile; fileRef = 3E6A57072E2D5626004B9541 /* Foundation.framework */; };
		3E6A570A2E2D562E004B9541 /* Metal.framework in Frameworks */ = {isa = PBXBuildFile; fileRef = 3E6A57092E2D562E004B9541 /* Metal.framework */; };
		3E6A570C2E2D5636004B9541 /* QuartzCore.framework in Frameworks */ = {isa = PBXBuildFile; fileRef = 3E6A570B2E2D5636004B9541 /* QuartzCore.framework */; };
		3E96C39D2E2E6D4100FAD6FD /* main.mm in Sources */ = {isa = PBXBuildFile; fileRef = 3E96C3972E2E6D4100FAD6FD /* main.mm */; };
		3E96C39E2E2E6D4100FAD6FD /* renderer.mm in Sources */ = {isa = PBXBuildFile; fileRef = 3E96C39A2E2E6D4100FAD6FD /* renderer.mm */; };
		3E96C39F2E2E6D4100FAD6FD /* triangle-shader.metal in Sources */ = {isa = PBXBuildFile; fileRef = 3E96C39B2E2E6D4100FAD6FD /* triangle-shader.metal */; };
		3E96C3A02E2E6D4100FAD6FD /* mtl_implementation.mm in Sources */ = {isa = PBXBuildFile; fileRef = 3E96C3982E2E6D4100FAD6FD /* mtl_implementation.mm */; };
		3E96C3A12E2E6D4100FAD6FD /* application.mm in Sources */ = {isa = PBXBuildFile; fileRef = 3E96C3962E2E6D4100FAD6FD /* application.mm */; };
		3EA28CE92E2D70F0005C81C7 /* Cocoa.framework in Frameworks */ = {isa = PBXBuildFile; fileRef = 3EA28CE82E2D70F0005C81C7 /* Cocoa.framework */; };
		3EA28CEB2E2D70F8005C81C7 /* IOKit.framework in Frameworks */ = {isa = PBXBuildFile; fileRef = 3EA28CEA2E2D70F8005C81C7 /* IOKit.framework */; };
		3EA28CED2E2D7101005C81C7 /* CoreVideo.framework in Frameworks */ = {isa = PBXBuildFile; fileRef = 3EA28CEC2E2D7101005C81C7 /* CoreVideo.framework */; };
		3EDC0BA42E2F740E00A33DAE /* libglfw3.a in Frameworks */ = {isa = PBXBuildFile; fileRef = 3EDC0BA22E2F740500A33DAE /* libglfw3.a */; };
/* End PBXBuildFile section */

/* Begin PBXFileReference section */
		3E6A55492E2D5433004B9541 /* MoltenApp */ = {isa = PBXFileReference; explicitFileType = "compiled.mach-o.executable"; includeInIndex = 0; path = MoltenApp; sourceTree = BUILT_PRODUCTS_DIR; };
		3E6A56752E2D54AF004B9541 /* Foundation.hpp */ = {isa = PBXFileReference; lastKnownFileType = sourcecode.cpp.h; path = Foundation.hpp; sourceTree = "<group>"; };
		3E6A56762E2D54AF004B9541 /* NSArray.hpp */ = {isa = PBXFileReference; lastKnownFileType = sourcecode.cpp.h; path = NSArray.hpp; sourceTree = "<group>"; };
		3E6A56772E2D54AF004B9541 /* NSAutoreleasePool.hpp */ = {isa = PBXFileReference; lastKnownFileType = sourcecode.cpp.h; path = NSAutoreleasePool.hpp; sourceTree = "<group>"; };
		3E6A56782E2D54AF004B9541 /* NSBundle.hpp */ = {isa = PBXFileReference; lastKnownFileType = sourcecode.cpp.h; path = NSBundle.hpp; sourceTree = "<group>"; };
		3E6A56792E2D54AF004B9541 /* NSData.hpp */ = {isa = PBXFileReference; lastKnownFileType = sourcecode.cpp.h; path = NSData.hpp; sourceTree = "<group>"; };
		3E6A567A2E2D54AF004B9541 /* NSDate.hpp */ = {isa = PBXFileReference; lastKnownFileType = sourcecode.cpp.h; path = NSDate.hpp; sourceTree = "<group>"; };
		3E6A567B2E2D54AF004B9541 /* NSDefines.hpp */ = {isa = PBXFileReference; lastKnownFileType = sourcecode.cpp.h; path = NSDefines.hpp; sourceTree = "<group>"; };
		3E6A567C2E2D54AF004B9541 /* NSDictionary.hpp */ = {isa = PBXFileReference; lastKnownFileType = sourcecode.cpp.h; path = NSDictionary.hpp; sourceTree = "<group>"; };
		3E6A567D2E2D54AF004B9541 /* NSEnumerator.hpp */ = {isa = PBXFileReference; lastKnownFileType = sourcecode.cpp.h; path = NSEnumerator.hpp; sourceTree = "<group>"; };
		3E6A567E2E2D54AF004B9541 /* NSError.hpp */ = {isa = PBXFileReference; lastKnownFileType = sourcecode.cpp.h; path = NSError.hpp; sourceTree = "<group>"; };
		3E6A567F2E2D54AF004B9541 /* NSLock.hpp */ = {isa = PBXFileReference; lastKnownFileType = sourcecode.cpp.h; path = NSLock.hpp; sourceTree = "<group>"; };
		3E6A56802E2D54AF004B9541 /* NSNotification.hpp */ = {isa = PBXFileReference; lastKnownFileType = sourcecode.cpp.h; path = NSNotification.hpp; sourceTree = "<group>"; };
		3E6A56812E2D54AF004B9541 /* NSNumber.hpp */ = {isa = PBXFileReference; lastKnownFileType = sourcecode.cpp.h; path = NSNumber.hpp; sourceTree = "<group>"; };
		3E6A56822E2D54AF004B9541 /* NSObjCRuntime.hpp */ = {isa = PBXFileReference; lastKnownFileType = sourcecode.cpp.h; path = NSObjCRuntime.hpp; sourceTree = "<group>"; };
		3E6A56832E2D54AF004B9541 /* NSObject.hpp */ = {isa = PBXFileReference; lastKnownFileType = sourcecode.cpp.h; path = NSObject.hpp; sourceTree = "<group>"; };
		3E6A56842E2D54AF004B9541 /* NSPrivate.hpp */ = {isa = PBXFileReference; lastKnownFileType = sourcecode.cpp.h; path = NSPrivate.hpp; sourceTree = "<group>"; };
		3E6A56852E2D54AF004B9541 /* NSProcessInfo.hpp */ = {isa = PBXFileReference; lastKnownFileType = sourcecode.cpp.h; path = NSProcessInfo.hpp; sourceTree = "<group>"; };
		3E6A56862E2D54AF004B9541 /* NSRange.hpp */ = {isa = PBXFileReference; lastKnownFileType = sourcecode.cpp.h; path = NSRange.hpp; sourceTree = "<group>"; };
		3E6A56872E2D54AF004B9541 /* NSSet.hpp */ = {isa = PBXFileReference; lastKnownFileType = sourcecode.cpp.h; path = NSSet.hpp; sourceTree = "<group>"; };
		3E6A56882E2D54AF004B9541 /* NSSharedPtr.hpp */ = {isa = PBXFileReference; lastKnownFileType = sourcecode.cpp.h; path = NSSharedPtr.hpp; sourceTree = "<group>"; };
		3E6A56892E2D54AF004B9541 /* NSString.hpp */ = {isa = PBXFileReference; lastKnownFileType = sourcecode.cpp.h; path = NSString.hpp; sourceTree = "<group>"; };
		3E6A568A2E2D54AF004B9541 /* NSTypes.hpp */ = {isa = PBXFileReference; lastKnownFileType = sourcecode.cpp.h; path = NSTypes.hpp; sourceTree = "<group>"; };
		3E6A568B2E2D54AF004B9541 /* NSURL.hpp */ = {isa = PBXFileReference; lastKnownFileType = sourcecode.cpp.h; path = NSURL.hpp; sourceTree = "<group>"; };
		3E6A568D2E2D54AF004B9541 /* Metal.hpp */ = {isa = PBXFileReference; lastKnownFileType = sourcecode.cpp.h; path = Metal.hpp; sourceTree = "<group>"; };
		3E6A568E2E2D54AF004B9541 /* MTL4AccelerationStructure.hpp */ = {isa = PBXFileReference; lastKnownFileType = sourcecode.cpp.h; path = MTL4AccelerationStructure.hpp; sourceTree = "<group>"; };
		3E6A568F2E2D54AF004B9541 /* MTL4Archive.hpp */ = {isa = PBXFileReference; lastKnownFileType = sourcecode.cpp.h; path = MTL4Archive.hpp; sourceTree = "<group>"; };
		3E6A56902E2D54AF004B9541 /* MTL4ArgumentTable.hpp */ = {isa = PBXFileReference; lastKnownFileType = sourcecode.cpp.h; path = MTL4ArgumentTable.hpp; sourceTree = "<group>"; };
		3E6A56912E2D54AF004B9541 /* MTL4BinaryFunction.hpp */ = {isa = PBXFileReference; lastKnownFileType = sourcecode.cpp.h; path = MTL4BinaryFunction.hpp; sourceTree = "<group>"; };
		3E6A56922E2D54AF004B9541 /* MTL4BinaryFunctionDescriptor.hpp */ = {isa = PBXFileReference; lastKnownFileType = sourcecode.cpp.h; path = MTL4BinaryFunctionDescriptor.hpp; sourceTree = "<group>"; };
		3E6A56932E2D54AF004B9541 /* MTL4CommandAllocator.hpp */ = {isa = PBXFileReference; lastKnownFileType = sourcecode.cpp.h; path = MTL4CommandAllocator.hpp; sourceTree = "<group>"; };
		3E6A56942E2D54AF004B9541 /* MTL4CommandBuffer.hpp */ = {isa = PBXFileReference; lastKnownFileType = sourcecode.cpp.h; path = MTL4CommandBuffer.hpp; sourceTree = "<group>"; };
		3E6A56952E2D54AF004B9541 /* MTL4CommandEncoder.hpp */ = {isa = PBXFileReference; lastKnownFileType = sourcecode.cpp.h; path = MTL4CommandEncoder.hpp; sourceTree = "<group>"; };
		3E6A56962E2D54AF004B9541 /* MTL4CommandQueue.hpp */ = {isa = PBXFileReference; lastKnownFileType = sourcecode.cpp.h; path = MTL4CommandQueue.hpp; sourceTree = "<group>"; };
		3E6A56972E2D54AF004B9541 /* MTL4CommitFeedback.hpp */ = {isa = PBXFileReference; lastKnownFileType = sourcecode.cpp.h; path = MTL4CommitFeedback.hpp; sourceTree = "<group>"; };
		3E6A56982E2D54AF004B9541 /* MTL4Compiler.hpp */ = {isa = PBXFileReference; lastKnownFileType = sourcecode.cpp.h; path = MTL4Compiler.hpp; sourceTree = "<group>"; };
		3E6A56992E2D54AF004B9541 /* MTL4CompilerTask.hpp */ = {isa = PBXFileReference; lastKnownFileType = sourcecode.cpp.h; path = MTL4CompilerTask.hpp; sourceTree = "<group>"; };
		3E6A569A2E2D54AF004B9541 /* MTL4ComputeCommandEncoder.hpp */ = {isa = PBXFileReference; lastKnownFileType = sourcecode.cpp.h; path = MTL4ComputeCommandEncoder.hpp; sourceTree = "<group>"; };
		3E6A569B2E2D54AF004B9541 /* MTL4ComputePipeline.hpp */ = {isa = PBXFileReference; lastKnownFileType = sourcecode.cpp.h; path = MTL4ComputePipeline.hpp; sourceTree = "<group>"; };
		3E6A569C2E2D54AF004B9541 /* MTL4Counters.hpp */ = {isa = PBXFileReference; lastKnownFileType = sourcecode.cpp.h; path = MTL4Counters.hpp; sourceTree = "<group>"; };
		3E6A569D2E2D54AF004B9541 /* MTL4FunctionDescriptor.hpp */ = {isa = PBXFileReference; lastKnownFileType = sourcecode.cpp.h; path = MTL4FunctionDescriptor.hpp; sourceTree = "<group>"; };
		3E6A569E2E2D54AF004B9541 /* MTL4LibraryDescriptor.hpp */ = {isa = PBXFileReference; lastKnownFileType = sourcecode.cpp.h; path = MTL4LibraryDescriptor.hpp; sourceTree = "<group>"; };
		3E6A569F2E2D54AF004B9541 /* MTL4LibraryFunctionDescriptor.hpp */ = {isa = PBXFileReference; lastKnownFileType = sourcecode.cpp.h; path = MTL4LibraryFunctionDescriptor.hpp; sourceTree = "<group>"; };
		3E6A56A02E2D54AF004B9541 /* MTL4LinkedFunctions.hpp */ = {isa = PBXFileReference; lastKnownFileType = sourcecode.cpp.h; path = MTL4LinkedFunctions.hpp; sourceTree = "<group>"; };
		3E6A56A12E2D54AF004B9541 /* MTL4LinkingDescriptor.hpp */ = {isa = PBXFileReference; lastKnownFileType = sourcecode.cpp.h; path = MTL4LinkingDescriptor.hpp; sourceTree = "<group>"; };
		3E6A56A22E2D54AF004B9541 /* MTL4MachineLearningCommandEncoder.hpp */ = {isa = PBXFileReference; lastKnownFileType = sourcecode.cpp.h; path = MTL4MachineLearningCommandEncoder.hpp; sourceTree = "<group>"; };
		3E6A56A32E2D54AF004B9541 /* MTL4MachineLearningPipeline.hpp */ = {isa = PBXFileReference; lastKnownFileType = sourcecode.cpp.h; path = MTL4MachineLearningPipeline.hpp; sourceTree = "<group>"; };
		3E6A56A42E2D54AF004B9541 /* MTL4MeshRenderPipeline.hpp */ = {isa = PBXFileReference; lastKnownFileType = sourcecode.cpp.h; path = MTL4MeshRenderPipeline.hpp; sourceTree = "<group>"; };
		3E6A56A52E2D54AF004B9541 /* MTL4PipelineDataSetSerializer.hpp */ = {isa = PBXFileReference; lastKnownFileType = sourcecode.cpp.h; path = MTL4PipelineDataSetSerializer.hpp; sourceTree = "<group>"; };
		3E6A56A62E2D54AF004B9541 /* MTL4PipelineState.hpp */ = {isa = PBXFileReference; lastKnownFileType = sourcecode.cpp.h; path = MTL4PipelineState.hpp; sourceTree = "<group>"; };
		3E6A56A72E2D54AF004B9541 /* MTL4RenderCommandEncoder.hpp */ = {isa = PBXFileReference; lastKnownFileType = sourcecode.cpp.h; path = MTL4RenderCommandEncoder.hpp; sourceTree = "<group>"; };
		3E6A56A82E2D54AF004B9541 /* MTL4RenderPass.hpp */ = {isa = PBXFileReference; lastKnownFileType = sourcecode.cpp.h; path = MTL4RenderPass.hpp; sourceTree = "<group>"; };
		3E6A56A92E2D54AF004B9541 /* MTL4RenderPipeline.hpp */ = {isa = PBXFileReference; lastKnownFileType = sourcecode.cpp.h; path = MTL4RenderPipeline.hpp; sourceTree = "<group>"; };
		3E6A56AA2E2D54AF004B9541 /* MTL4SpecializedFunctionDescriptor.hpp */ = {isa = PBXFileReference; lastKnownFileType = sourcecode.cpp.h; path = MTL4SpecializedFunctionDescriptor.hpp; sourceTree = "<group>"; };
		3E6A56AB2E2D54AF004B9541 /* MTL4StitchedFunctionDescriptor.hpp */ = {isa = PBXFileReference; lastKnownFileType = sourcecode.cpp.h; path = MTL4StitchedFunctionDescriptor.hpp; sourceTree = "<group>"; };
		3E6A56AC2E2D54AF004B9541 /* MTL4TileRenderPipeline.hpp */ = {isa = PBXFileReference; lastKnownFileType = sourcecode.cpp.h; path = MTL4TileRenderPipeline.hpp; sourceTree = "<group>"; };
		3E6A56AD2E2D54AF004B9541 /* MTLAccelerationStructure.hpp */ = {isa = PBXFileReference; lastKnownFileType = sourcecode.cpp.h; path = MTLAccelerationStructure.hpp; sourceTree = "<group>"; };
		3E6A56AE2E2D54AF004B9541 /* MTLAccelerationStructureCommandEncoder.hpp */ = {isa = PBXFileReference; lastKnownFileType = sourcecode.cpp.h; path = MTLAccelerationStructureCommandEncoder.hpp; sourceTree = "<group>"; };
		3E6A56AF2E2D54AF004B9541 /* MTLAccelerationStructureTypes.hpp */ = {isa = PBXFileReference; lastKnownFileType = sourcecode.cpp.h; path = MTLAccelerationStructureTypes.hpp; sourceTree = "<group>"; };
		3E6A56B02E2D54AF004B9541 /* MTLAllocation.hpp */ = {isa = PBXFileReference; lastKnownFileType = sourcecode.cpp.h; path = MTLAllocation.hpp; sourceTree = "<group>"; };
		3E6A56B12E2D54AF004B9541 /* MTLArgument.hpp */ = {isa = PBXFileReference; lastKnownFileType = sourcecode.cpp.h; path = MTLArgument.hpp; sourceTree = "<group>"; };
		3E6A56B22E2D54AF004B9541 /* MTLArgumentEncoder.hpp */ = {isa = PBXFileReference; lastKnownFileType = sourcecode.cpp.h; path = MTLArgumentEncoder.hpp; sourceTree = "<group>"; };
		3E6A56B32E2D54AF004B9541 /* MTLBinaryArchive.hpp */ = {isa = PBXFileReference; lastKnownFileType = sourcecode.cpp.h; path = MTLBinaryArchive.hpp; sourceTree = "<group>"; };
		3E6A56B42E2D54AF004B9541 /* MTLBlitCommandEncoder.hpp */ = {isa = PBXFileReference; lastKnownFileType = sourcecode.cpp.h; path = MTLBlitCommandEncoder.hpp; sourceTree = "<group>"; };
		3E6A56B52E2D54AF004B9541 /* MTLBlitPass.hpp */ = {isa = PBXFileReference; lastKnownFileType = sourcecode.cpp.h; path = MTLBlitPass.hpp; sourceTree = "<group>"; };
		3E6A56B62E2D54AF004B9541 /* MTLBuffer.hpp */ = {isa = PBXFileReference; lastKnownFileType = sourcecode.cpp.h; path = MTLBuffer.hpp; sourceTree = "<group>"; };
		3E6A56B72E2D54AF004B9541 /* MTLCaptureManager.hpp */ = {isa = PBXFileReference; lastKnownFileType = sourcecode.cpp.h; path = MTLCaptureManager.hpp; sourceTree = "<group>"; };
		3E6A56B82E2D54AF004B9541 /* MTLCaptureScope.hpp */ = {isa = PBXFileReference; lastKnownFileType = sourcecode.cpp.h; path = MTLCaptureScope.hpp; sourceTree = "<group>"; };
		3E6A56B92E2D54AF004B9541 /* MTLCommandBuffer.hpp */ = {isa = PBXFileReference; lastKnownFileType = sourcecode.cpp.h; path = MTLCommandBuffer.hpp; sourceTree = "<group>"; };
		3E6A56BA2E2D54AF004B9541 /* MTLCommandEncoder.hpp */ = {isa = PBXFileReference; lastKnownFileType = sourcecode.cpp.h; path = MTLCommandEncoder.hpp; sourceTree = "<group>"; };
		3E6A56BB2E2D54AF004B9541 /* MTLCommandQueue.hpp */ = {isa = PBXFileReference; lastKnownFileType = sourcecode.cpp.h; path = MTLCommandQueue.hpp; sourceTree = "<group>"; };
		3E6A56BC2E2D54AF004B9541 /* MTLComputeCommandEncoder.hpp */ = {isa = PBXFileReference; lastKnownFileType = sourcecode.cpp.h; path = MTLComputeCommandEncoder.hpp; sourceTree = "<group>"; };
		3E6A56BD2E2D54AF004B9541 /* MTLComputePass.hpp */ = {isa = PBXFileReference; lastKnownFileType = sourcecode.cpp.h; path = MTLComputePass.hpp; sourceTree = "<group>"; };
		3E6A56BE2E2D54AF004B9541 /* MTLComputePipeline.hpp */ = {isa = PBXFileReference; lastKnownFileType = sourcecode.cpp.h; path = MTLComputePipeline.hpp; sourceTree = "<group>"; };
		3E6A56BF2E2D54AF004B9541 /* MTLCounters.hpp */ = {isa = PBXFileReference; lastKnownFileType = sourcecode.cpp.h; path = MTLCounters.hpp; sourceTree = "<group>"; };
		3E6A56C02E2D54AF004B9541 /* MTLDataType.hpp */ = {isa = PBXFileReference; lastKnownFileType = sourcecode.cpp.h; path = MTLDataType.hpp; sourceTree = "<group>"; };
		3E6A56C12E2D54AF004B9541 /* MTLDefines.hpp */ = {isa = PBXFileReference; lastKnownFileType = sourcecode.cpp.h; path = MTLDefines.hpp; sourceTree = "<group>"; };
		3E6A56C22E2D54AF004B9541 /* MTLDepthStencil.hpp */ = {isa = PBXFileReference; lastKnownFileType = sourcecode.cpp.h; path = MTLDepthStencil.hpp; sourceTree = "<group>"; };
		3E6A56C32E2D54AF004B9541 /* MTLDevice.hpp */ = {isa = PBXFileReference; lastKnownFileType = sourcecode.cpp.h; path = MTLDevice.hpp; sourceTree = "<group>"; };
		3E6A56C42E2D54AF004B9541 /* MTLDrawable.hpp */ = {isa = PBXFileReference; lastKnownFileType = sourcecode.cpp.h; path = MTLDrawable.hpp; sourceTree = "<group>"; };
		3E6A56C52E2D54AF004B9541 /* MTLDynamicLibrary.hpp */ = {isa = PBXFileReference; lastKnownFileType = sourcecode.cpp.h; path = MTLDynamicLibrary.hpp; sourceTree = "<group>"; };
		3E6A56C62E2D54AF004B9541 /* MTLEvent.hpp */ = {isa = PBXFileReference; lastKnownFileType = sourcecode.cpp.h; path = MTLEvent.hpp; sourceTree = "<group>"; };
		3E6A56C72E2D54AF004B9541 /* MTLFence.hpp */ = {isa = PBXFileReference; lastKnownFileType = sourcecode.cpp.h; path = MTLFence.hpp; sourceTree = "<group>"; };
		3E6A56C82E2D54AF004B9541 /* MTLFunctionConstantValues.hpp */ = {isa = PBXFileReference; lastKnownFileType = sourcecode.cpp.h; path = MTLFunctionConstantValues.hpp; sourceTree = "<group>"; };
		3E6A56C92E2D54AF004B9541 /* MTLFunctionDescriptor.hpp */ = {isa = PBXFileReference; lastKnownFileType = sourcecode.cpp.h; path = MTLFunctionDescriptor.hpp; sourceTree = "<group>"; };
		3E6A56CA2E2D54AF004B9541 /* MTLFunctionHandle.hpp */ = {isa = PBXFileReference; lastKnownFileType = sourcecode.cpp.h; path = MTLFunctionHandle.hpp; sourceTree = "<group>"; };
		3E6A56CB2E2D54AF004B9541 /* MTLFunctionLog.hpp */ = {isa = PBXFileReference; lastKnownFileType = sourcecode.cpp.h; path = MTLFunctionLog.hpp; sourceTree = "<group>"; };
		3E6A56CC2E2D54AF004B9541 /* MTLFunctionStitching.hpp */ = {isa = PBXFileReference; lastKnownFileType = sourcecode.cpp.h; path = MTLFunctionStitching.hpp; sourceTree = "<group>"; };
		3E6A56CD2E2D54AF004B9541 /* MTLHeaderBridge.hpp */ = {isa = PBXFileReference; lastKnownFileType = sourcecode.cpp.h; path = MTLHeaderBridge.hpp; sourceTree = "<group>"; };
		3E6A56CE2E2D54AF004B9541 /* MTLHeap.hpp */ = {isa = PBXFileReference; lastKnownFileType = sourcecode.cpp.h; path = MTLHeap.hpp; sourceTree = "<group>"; };
		3E6A56CF2E2D54AF004B9541 /* MTLIndirectCommandBuffer.hpp */ = {isa = PBXFileReference; lastKnownFileType = sourcecode.cpp.h; path = MTLIndirectCommandBuffer.hpp; sourceTree = "<group>"; };
		3E6A56D02E2D54AF004B9541 /* MTLIndirectCommandEncoder.hpp */ = {isa = PBXFileReference; lastKnownFileType = sourcecode.cpp.h; path = MTLIndirectCommandEncoder.hpp; sourceTree = "<group>"; };
		3E6A56D12E2D54AF004B9541 /* MTLIntersectionFunctionTable.hpp */ = {isa = PBXFileReference; lastKnownFileType = sourcecode.cpp.h; path = MTLIntersectionFunctionTable.hpp; sourceTree = "<group>"; };
		3E6A56D22E2D54AF004B9541 /* MTLIOCommandBuffer.hpp */ = {isa = PBXFileReference; lastKnownFileType = sourcecode.cpp.h; path = MTLIOCommandBuffer.hpp; sourceTree = "<group>"; };
		3E6A56D32E2D54AF004B9541 /* MTLIOCommandQueue.hpp */ = {isa = PBXFileReference; lastKnownFileType = sourcecode.cpp.h; path = MTLIOCommandQueue.hpp; sourceTree = "<group>"; };
		3E6A56D42E2D54AF004B9541 /* MTLIOCompressor.hpp */ = {isa = PBXFileReference; lastKnownFileType = sourcecode.cpp.h; path = MTLIOCompressor.hpp; sourceTree = "<group>"; };
		3E6A56D52E2D54AF004B9541 /* MTLLibrary.hpp */ = {isa = PBXFileReference; lastKnownFileType = sourcecode.cpp.h; path = MTLLibrary.hpp; sourceTree = "<group>"; };
		3E6A56D62E2D54AF004B9541 /* MTLLinkedFunctions.hpp */ = {isa = PBXFileReference; lastKnownFileType = sourcecode.cpp.h; path = MTLLinkedFunctions.hpp; sourceTree = "<group>"; };
		3E6A56D72E2D54AF004B9541 /* MTLLogState.hpp */ = {isa = PBXFileReference; lastKnownFileType = sourcecode.cpp.h; path = MTLLogState.hpp; sourceTree = "<group>"; };
		3E6A56D82E2D54AF004B9541 /* MTLParallelRenderCommandEncoder.hpp */ = {isa = PBXFileReference; lastKnownFileType = sourcecode.cpp.h; path = MTLParallelRenderCommandEncoder.hpp; sourceTree = "<group>"; };
		3E6A56D92E2D54AF004B9541 /* MTLPipeline.hpp */ = {isa = PBXFileReference; lastKnownFileType = sourcecode.cpp.h; path = MTLPipeline.hpp; sourceTree = "<group>"; };
		3E6A56DA2E2D54AF004B9541 /* MTLPixelFormat.hpp */ = {isa = PBXFileReference; lastKnownFileType = sourcecode.cpp.h; path = MTLPixelFormat.hpp; sourceTree = "<group>"; };
		3E6A56DB2E2D54AF004B9541 /* MTLPrivate.hpp */ = {isa = PBXFileReference; lastKnownFileType = sourcecode.cpp.h; path = MTLPrivate.hpp; sourceTree = "<group>"; };
		3E6A56DC2E2D54AF004B9541 /* MTLRasterizationRate.hpp */ = {isa = PBXFileReference; lastKnownFileType = sourcecode.cpp.h; path = MTLRasterizationRate.hpp; sourceTree = "<group>"; };
		3E6A56DD2E2D54AF004B9541 /* MTLRenderCommandEncoder.hpp */ = {isa = PBXFileReference; lastKnownFileType = sourcecode.cpp.h; path = MTLRenderCommandEncoder.hpp; sourceTree = "<group>"; };
		3E6A56DE2E2D54AF004B9541 /* MTLRenderPass.hpp */ = {isa = PBXFileReference; lastKnownFileType = sourcecode.cpp.h; path = MTLRenderPass.hpp; sourceTree = "<group>"; };
		3E6A56DF2E2D54AF004B9541 /* MTLRenderPipeline.hpp */ = {isa = PBXFileReference; lastKnownFileType = sourcecode.cpp.h; path = MTLRenderPipeline.hpp; sourceTree = "<group>"; };
		3E6A56E02E2D54AF004B9541 /* MTLResidencySet.hpp */ = {isa = PBXFileReference; lastKnownFileType = sourcecode.cpp.h; path = MTLResidencySet.hpp; sourceTree = "<group>"; };
		3E6A56E12E2D54AF004B9541 /* MTLResource.hpp */ = {isa = PBXFileReference; lastKnownFileType = sourcecode.cpp.h; path = MTLResource.hpp; sourceTree = "<group>"; };
		3E6A56E22E2D54AF004B9541 /* MTLResourceStateCommandEncoder.hpp */ = {isa = PBXFileReference; lastKnownFileType = sourcecode.cpp.h; path = MTLResourceStateCommandEncoder.hpp; sourceTree = "<group>"; };
		3E6A56E32E2D54AF004B9541 /* MTLResourceStatePass.hpp */ = {isa = PBXFileReference; lastKnownFileType = sourcecode.cpp.h; path = MTLResourceStatePass.hpp; sourceTree = "<group>"; };
		3E6A56E42E2D54AF004B9541 /* MTLResourceViewPool.hpp */ = {isa = PBXFileReference; lastKnownFileType = sourcecode.cpp.h; path = MTLResourceViewPool.hpp; sourceTree = "<group>"; };
		3E6A56E52E2D54AF004B9541 /* MTLSampler.hpp */ = {isa = PBXFileReference; lastKnownFileType = sourcecode.cpp.h; path = MTLSampler.hpp; sourceTree = "<group>"; };
		3E6A56E62E2D54AF004B9541 /* MTLStageInputOutputDescriptor.hpp */ = {isa = PBXFileReference; lastKnownFileType = sourcecode.cpp.h; path = MTLStageInputOutputDescriptor.hpp; sourceTree = "<group>"; };
		3E6A56E72E2D54AF004B9541 /* MTLTensor.hpp */ = {isa = PBXFileReference; lastKnownFileType = sourcecode.cpp.h; path = MTLTensor.hpp; sourceTree = "<group>"; };
		3E6A56E82E2D54AF004B9541 /* MTLTexture.hpp */ = {isa = PBXFileReference; lastKnownFileType = sourcecode.cpp.h; path = MTLTexture.hpp; sourceTree = "<group>"; };
		3E6A56E92E2D54AF004B9541 /* MTLTextureViewPool.hpp */ = {isa = PBXFileReference; lastKnownFileType = sourcecode.cpp.h; path = MTLTextureViewPool.hpp; sourceTree = "<group>"; };
		3E6A56EA2E2D54AF004B9541 /* MTLTypes.hpp */ = {isa = PBXFileReference; lastKnownFileType = sourcecode.cpp.h; path = MTLTypes.hpp; sourceTree = "<group>"; };
		3E6A56EB2E2D54AF004B9541 /* MTLVersion.hpp */ = {isa = PBXFileReference; lastKnownFileType = sourcecode.cpp.h; path = MTLVersion.hpp; sourceTree = "<group>"; };
		3E6A56EC2E2D54AF004B9541 /* MTLVertexDescriptor.hpp */ = {isa = PBXFileReference; lastKnownFileType = sourcecode.cpp.h; path = MTLVertexDescriptor.hpp; sourceTree = "<group>"; };
		3E6A56ED2E2D54AF004B9541 /* MTLVisibleFunctionTable.hpp */ = {isa = PBXFileReference; lastKnownFileType = sourcecode.cpp.h; path = MTLVisibleFunctionTable.hpp; sourceTree = "<group>"; };
		3E6A56EF2E2D54AF004B9541 /* MetalFX.hpp */ = {isa = PBXFileReference; lastKnownFileType = sourcecode.cpp.h; path = MetalFX.hpp; sourceTree = "<group>"; };
		3E6A56F02E2D54AF004B9541 /* MTL4FXFrameInterpolator.hpp */ = {isa = PBXFileReference; lastKnownFileType = sourcecode.cpp.h; path = MTL4FXFrameInterpolator.hpp; sourceTree = "<group>"; };
		3E6A56F12E2D54AF004B9541 /* MTL4FXSpatialScaler.hpp */ = {isa = PBXFileReference; lastKnownFileType = sourcecode.cpp.h; path = MTL4FXSpatialScaler.hpp; sourceTree = "<group>"; };
		3E6A56F22E2D54AF004B9541 /* MTL4FXTemporalDenoisedScaler.hpp */ = {isa = PBXFileReference; lastKnownFileType = sourcecode.cpp.h; path = MTL4FXTemporalDenoisedScaler.hpp; sourceTree = "<group>"; };
		3E6A56F32E2D54AF004B9541 /* MTL4FXTemporalScaler.hpp */ = {isa = PBXFileReference; lastKnownFileType = sourcecode.cpp.h; path = MTL4FXTemporalScaler.hpp; sourceTree = "<group>"; };
		3E6A56F42E2D54AF004B9541 /* MTLFXDefines.hpp */ = {isa = PBXFileReference; lastKnownFileType = sourcecode.cpp.h; path = MTLFXDefines.hpp; sourceTree = "<group>"; };
		3E6A56F52E2D54AF004B9541 /* MTLFXFrameInterpolator.hpp */ = {isa = PBXFileReference; lastKnownFileType = sourcecode.cpp.h; path = MTLFXFrameInterpolator.hpp; sourceTree = "<group>"; };
		3E6A56F62E2D54AF004B9541 /* MTLFXPrivate.hpp */ = {isa = PBXFileReference; lastKnownFileType = sourcecode.cpp.h; path = MTLFXPrivate.hpp; sourceTree = "<group>"; };
		3E6A56F72E2D54AF004B9541 /* MTLFXSpatialScaler.hpp */ = {isa = PBXFileReference; lastKnownFileType = sourcecode.cpp.h; path = MTLFXSpatialScaler.hpp; sourceTree = "<group>"; };
		3E6A56F82E2D54AF004B9541 /* MTLFXTemporalDenoisedScaler.hpp */ = {isa = PBXFileReference; lastKnownFileType = sourcecode.cpp.h; path = MTLFXTemporalDenoisedScaler.hpp; sourceTree = "<group>"; };
		3E6A56F92E2D54AF004B9541 /* MTLFXTemporalScaler.hpp */ = {isa = PBXFileReference; lastKnownFileType = sourcecode.cpp.h; path = MTLFXTemporalScaler.hpp; sourceTree = "<group>"; };
		3E6A56FB2E2D54AF004B9541 /* CADefines.hpp */ = {isa = PBXFileReference; lastKnownFileType = sourcecode.cpp.h; path = CADefines.hpp; sourceTree = "<group>"; };
		3E6A56FC2E2D54AF004B9541 /* CAMetalDrawable.hpp */ = {isa = PBXFileReference; lastKnownFileType = sourcecode.cpp.h; path = CAMetalDrawable.hpp; sourceTree = "<group>"; };
		3E6A56FD2E2D54AF004B9541 /* CAMetalLayer.hpp */ = {isa = PBXFileReference; lastKnownFileType = sourcecode.cpp.h; path = CAMetalLayer.hpp; sourceTree = "<group>"; };
		3E6A56FE2E2D54AF004B9541 /* CAPrivate.hpp */ = {isa = PBXFileReference; lastKnownFileType = sourcecode.cpp.h; path = CAPrivate.hpp; sourceTree = "<group>"; };
		3E6A56FF2E2D54AF004B9541 /* QuartzCore.hpp */ = {isa = PBXFileReference; lastKnownFileType = sourcecode.cpp.h; path = QuartzCore.hpp; sourceTree = "<group>"; };
		3E6A57012E2D54AF004B9541 /* MakeSingleHeader.py */ = {isa = PBXFileReference; lastKnownFileType = text.script.python; path = MakeSingleHeader.py; sourceTree = "<group>"; };
		3E6A57032E2D54AF004B9541 /* LICENSE.txt */ = {isa = PBXFileReference; lastKnownFileType = text; path = LICENSE.txt; sourceTree = "<group>"; };
		3E6A57042E2D54AF004B9541 /* README.md */ = {isa = PBXFileReference; lastKnownFileType = net.daringfireball.markdown; path = README.md; sourceTree = "<group>"; };
		3E6A57072E2D5626004B9541 /* Foundation.framework */ = {isa = PBXFileReference; lastKnownFileType = wrapper.framework; name = Foundation.framework; path = System/Library/Frameworks/Foundation.framework; sourceTree = SDKROOT; };
		3E6A57092E2D562E004B9541 /* Metal.framework */ = {isa = PBXFileReference; lastKnownFileType = wrapper.framework; name = Metal.framework; path = System/Library/Frameworks/Metal.framework; sourceTree = SDKROOT; };
		3E6A570B2E2D5636004B9541 /* QuartzCore.framework */ = {isa = PBXFileReference; lastKnownFileType = wrapper.framework; name = QuartzCore.framework; path = System/Library/Frameworks/QuartzCore.framework; sourceTree = SDKROOT; };
		3E96C3952E2E6D4100FAD6FD /* application.hpp */ = {isa = PBXFileReference; lastKnownFileType = sourcecode.cpp.h; path = application.hpp; sourceTree = "<group>"; };
		3E96C3962E2E6D4100FAD6FD /* application.mm */ = {isa = PBXFileReference; lastKnownFileType = sourcecode.cpp.objcpp; path = application.mm; sourceTree = "<group>"; };
		3E96C3972E2E6D4100FAD6FD /* main.mm */ = {isa = PBXFileReference; lastKnownFileType = sourcecode.cpp.objcpp; path = main.mm; sourceTree = "<group>"; };
		3E96C3982E2E6D4100FAD6FD /* mtl_implementation.mm */ = {isa = PBXFileReference; lastKnownFileType = sourcecode.cpp.objcpp; path = mtl_implementation.mm; sourceTree = "<group>"; };
		3E96C3992E2E6D4100FAD6FD /* renderer.hpp */ = {isa = PBXFileReference; lastKnownFileType = sourcecode.cpp.h; path = renderer.hpp; sourceTree = "<group>"; };
		3E96C39A2E2E6D4100FAD6FD /* renderer.mm */ = {isa = PBXFileReference; lastKnownFileType = sourcecode.cpp.objcpp; path = renderer.mm; sourceTree = "<group>"; };
		3E96C39B2E2E6D4100FAD6FD /* triangle-shader.metal */ = {isa = PBXFileReference; lastKnownFileType = sourcecode.metal; path = "triangle-shader.metal"; sourceTree = "<group>"; };
		3EA28CCE2E2D702F005C81C7 /* glfw3.h */ = {isa = PBXFileReference; lastKnownFileType = sourcecode.c.h; path = glfw3.h; sourceTree = "<group>"; };
		3EA28CCF2E2D702F005C81C7 /* glfw3native.h */ = {isa = PBXFileReference; lastKnownFileType = sourcecode.c.h; path = glfw3native.h; sourceTree = "<group>"; };
		3EA28CDB2E2D702F005C81C7 /* LICENSE.md */ = {isa = PBXFileReference; lastKnownFileType = net.daringfireball.markdown; path = LICENSE.md; sourceTree = "<group>"; };
		3EA28CDC2E2D702F005C81C7 /* README.md */ = {isa = PBXFileReference; lastKnownFileType = net.daringfireball.markdown; path = README.md; sourceTree = "<group>"; };
		3EA28CE82E2D70F0005C81C7 /* Cocoa.framework */ = {isa = PBXFileReference; lastKnownFileType = wrapper.framework; name = Cocoa.framework; path = System/Library/Frameworks/Cocoa.framework; sourceTree = SDKROOT; };
		3EA28CEA2E2D70F8005C81C7 /* IOKit.framework */ = {isa = PBXFileReference; lastKnownFileType = wrapper.framework; name = IOKit.framework; path = System/Library/Frameworks/IOKit.framework; sourceTree = SDKROOT; };
		3EA28CEC2E2D7101005C81C7 /* CoreVideo.framework */ = {isa = PBXFileReference; lastKnownFileType = wrapper.framework; name = CoreVideo.framework; path = System/Library/Frameworks/CoreVideo.framework; sourceTree = SDKROOT; };
		3EDC0BA02E2F73E700A33DAE /* libglfw3.a */ = {isa = PBXFileReference; lastKnownFileType = archive.ar; path = libglfw3.a; sourceTree = "<group>"; };
		3EDC0BA22E2F740500A33DAE /* libglfw3.a */ = {isa = PBXFileReference; lastKnownFileType = archive.ar; path = libglfw3.a; sourceTree = "<group>"; };
/* End PBXFileReference section */

/* Begin PBXFrameworksBuildPhase section */
		3E6A55462E2D5433004B9541 /* Frameworks */ = {
			isa = PBXFrameworksBuildPhase;
			buildActionMask = 2147483647;
			files = (
				3EDC0BA42E2F740E00A33DAE /* libglfw3.a in Frameworks */,
				3EA28CED2E2D7101005C81C7 /* CoreVideo.framework in Frameworks */,
				3EA28CEB2E2D70F8005C81C7 /* IOKit.framework in Frameworks */,
				3EA28CE92E2D70F0005C81C7 /* Cocoa.framework in Frameworks */,
				3E6A570C2E2D5636004B9541 /* QuartzCore.framework in Frameworks */,
				3E6A570A2E2D562E004B9541 /* Metal.framework in Frameworks */,
				3E6A57082E2D5626004B9541 /* Foundation.framework in Frameworks */,
			);
			runOnlyForDeploymentPostprocessing = 0;
		};
/* End PBXFrameworksBuildPhase section */

/* Begin PBXGroup section */
		3E6A55402E2D5433004B9541 = {
			isa = PBXGroup;
			children = (
				3E96C39C2E2E6D4100FAD6FD /* Molten */,
				3E6A554A2E2D5433004B9541 /* Products */,
				3E6A57052E2D54AF004B9541 /* metal-cpp */,
				3E6A57062E2D5626004B9541 /* Frameworks */,
				3EA28CDD2E2D702F005C81C7 /* glfw */,
			);
			sourceTree = "<group>";
		};
		3E6A554A2E2D5433004B9541 /* Products */ = {
			isa = PBXGroup;
			children = (
				3E6A55492E2D5433004B9541 /* MoltenApp */,
			);
			name = Products;
			sourceTree = "<group>";
		};
		3E6A568C2E2D54AF004B9541 /* Foundation */ = {
			isa = PBXGroup;
			children = (
				3E6A56752E2D54AF004B9541 /* Foundation.hpp */,
				3E6A56762E2D54AF004B9541 /* NSArray.hpp */,
				3E6A56772E2D54AF004B9541 /* NSAutoreleasePool.hpp */,
				3E6A56782E2D54AF004B9541 /* NSBundle.hpp */,
				3E6A56792E2D54AF004B9541 /* NSData.hpp */,
				3E6A567A2E2D54AF004B9541 /* NSDate.hpp */,
				3E6A567B2E2D54AF004B9541 /* NSDefines.hpp */,
				3E6A567C2E2D54AF004B9541 /* NSDictionary.hpp */,
				3E6A567D2E2D54AF004B9541 /* NSEnumerator.hpp */,
				3E6A567E2E2D54AF004B9541 /* NSError.hpp */,
				3E6A567F2E2D54AF004B9541 /* NSLock.hpp */,
				3E6A56802E2D54AF004B9541 /* NSNotification.hpp */,
				3E6A56812E2D54AF004B9541 /* NSNumber.hpp */,
				3E6A56822E2D54AF004B9541 /* NSObjCRuntime.hpp */,
				3E6A56832E2D54AF004B9541 /* NSObject.hpp */,
				3E6A56842E2D54AF004B9541 /* NSPrivate.hpp */,
				3E6A56852E2D54AF004B9541 /* NSProcessInfo.hpp */,
				3E6A56862E2D54AF004B9541 /* NSRange.hpp */,
				3E6A56872E2D54AF004B9541 /* NSSet.hpp */,
				3E6A56882E2D54AF004B9541 /* NSSharedPtr.hpp */,
				3E6A56892E2D54AF004B9541 /* NSString.hpp */,
				3E6A568A2E2D54AF004B9541 /* NSTypes.hpp */,
				3E6A568B2E2D54AF004B9541 /* NSURL.hpp */,
			);
			path = Foundation;
			sourceTree = "<group>";
		};
		3E6A56EE2E2D54AF004B9541 /* Metal */ = {
			isa = PBXGroup;
			children = (
				3E6A568D2E2D54AF004B9541 /* Metal.hpp */,
				3E6A568E2E2D54AF004B9541 /* MTL4AccelerationStructure.hpp */,
				3E6A568F2E2D54AF004B9541 /* MTL4Archive.hpp */,
				3E6A56902E2D54AF004B9541 /* MTL4ArgumentTable.hpp */,
				3E6A56912E2D54AF004B9541 /* MTL4BinaryFunction.hpp */,
				3E6A56922E2D54AF004B9541 /* MTL4BinaryFunctionDescriptor.hpp */,
				3E6A56932E2D54AF004B9541 /* MTL4CommandAllocator.hpp */,
				3E6A56942E2D54AF004B9541 /* MTL4CommandBuffer.hpp */,
				3E6A56952E2D54AF004B9541 /* MTL4CommandEncoder.hpp */,
				3E6A56962E2D54AF004B9541 /* MTL4CommandQueue.hpp */,
				3E6A56972E2D54AF004B9541 /* MTL4CommitFeedback.hpp */,
				3E6A56982E2D54AF004B9541 /* MTL4Compiler.hpp */,
				3E6A56992E2D54AF004B9541 /* MTL4CompilerTask.hpp */,
				3E6A569A2E2D54AF004B9541 /* MTL4ComputeCommandEncoder.hpp */,
				3E6A569B2E2D54AF004B9541 /* MTL4ComputePipeline.hpp */,
				3E6A569C2E2D54AF004B9541 /* MTL4Counters.hpp */,
				3E6A569D2E2D54AF004B9541 /* MTL4FunctionDescriptor.hpp */,
				3E6A569E2E2D54AF004B9541 /* MTL4LibraryDescriptor.hpp */,
				3E6A569F2E2D54AF004B9541 /* MTL4LibraryFunctionDescriptor.hpp */,
				3E6A56A02E2D54AF004B9541 /* MTL4LinkedFunctions.hpp */,
				3E6A56A12E2D54AF004B9541 /* MTL4LinkingDescriptor.hpp */,
				3E6A56A22E2D54AF004B9541 /* MTL4MachineLearningCommandEncoder.hpp */,
				3E6A56A32E2D54AF004B9541 /* MTL4MachineLearningPipeline.hpp */,
				3E6A56A42E2D54AF004B9541 /* MTL4MeshRenderPipeline.hpp */,
				3E6A56A52E2D54AF004B9541 /* MTL4PipelineDataSetSerializer.hpp */,
				3E6A56A62E2D54AF004B9541 /* MTL4PipelineState.hpp */,
				3E6A56A72E2D54AF004B9541 /* MTL4RenderCommandEncoder.hpp */,
				3E6A56A82E2D54AF004B9541 /* MTL4RenderPass.hpp */,
				3E6A56A92E2D54AF004B9541 /* MTL4RenderPipeline.hpp */,
				3E6A56AA2E2D54AF004B9541 /* MTL4SpecializedFunctionDescriptor.hpp */,
				3E6A56AB2E2D54AF004B9541 /* MTL4StitchedFunctionDescriptor.hpp */,
				3E6A56AC2E2D54AF004B9541 /* MTL4TileRenderPipeline.hpp */,
				3E6A56AD2E2D54AF004B9541 /* MTLAccelerationStructure.hpp */,
				3E6A56AE2E2D54AF004B9541 /* MTLAccelerationStructureCommandEncoder.hpp */,
				3E6A56AF2E2D54AF004B9541 /* MTLAccelerationStructureTypes.hpp */,
				3E6A56B02E2D54AF004B9541 /* MTLAllocation.hpp */,
				3E6A56B12E2D54AF004B9541 /* MTLArgument.hpp */,
				3E6A56B22E2D54AF004B9541 /* MTLArgumentEncoder.hpp */,
				3E6A56B32E2D54AF004B9541 /* MTLBinaryArchive.hpp */,
				3E6A56B42E2D54AF004B9541 /* MTLBlitCommandEncoder.hpp */,
				3E6A56B52E2D54AF004B9541 /* MTLBlitPass.hpp */,
				3E6A56B62E2D54AF004B9541 /* MTLBuffer.hpp */,
				3E6A56B72E2D54AF004B9541 /* MTLCaptureManager.hpp */,
				3E6A56B82E2D54AF004B9541 /* MTLCaptureScope.hpp */,
				3E6A56B92E2D54AF004B9541 /* MTLCommandBuffer.hpp */,
				3E6A56BA2E2D54AF004B9541 /* MTLCommandEncoder.hpp */,
				3E6A56BB2E2D54AF004B9541 /* MTLCommandQueue.hpp */,
				3E6A56BC2E2D54AF004B9541 /* MTLComputeCommandEncoder.hpp */,
				3E6A56BD2E2D54AF004B9541 /* MTLComputePass.hpp */,
				3E6A56BE2E2D54AF004B9541 /* MTLComputePipeline.hpp */,
				3E6A56BF2E2D54AF004B9541 /* MTLCounters.hpp */,
				3E6A56C02E2D54AF004B9541 /* MTLDataType.hpp */,
				3E6A56C12E2D54AF004B9541 /* MTLDefines.hpp */,
				3E6A56C22E2D54AF004B9541 /* MTLDepthStencil.hpp */,
				3E6A56C32E2D54AF004B9541 /* MTLDevice.hpp */,
				3E6A56C42E2D54AF004B9541 /* MTLDrawable.hpp */,
				3E6A56C52E2D54AF004B9541 /* MTLDynamicLibrary.hpp */,
				3E6A56C62E2D54AF004B9541 /* MTLEvent.hpp */,
				3E6A56C72E2D54AF004B9541 /* MTLFence.hpp */,
				3E6A56C82E2D54AF004B9541 /* MTLFunctionConstantValues.hpp */,
				3E6A56C92E2D54AF004B9541 /* MTLFunctionDescriptor.hpp */,
				3E6A56CA2E2D54AF004B9541 /* MTLFunctionHandle.hpp */,
				3E6A56CB2E2D54AF004B9541 /* MTLFunctionLog.hpp */,
				3E6A56CC2E2D54AF004B9541 /* MTLFunctionStitching.hpp */,
				3E6A56CD2E2D54AF004B9541 /* MTLHeaderBridge.hpp */,
				3E6A56CE2E2D54AF004B9541 /* MTLHeap.hpp */,
				3E6A56CF2E2D54AF004B9541 /* MTLIndirectCommandBuffer.hpp */,
				3E6A56D02E2D54AF004B9541 /* MTLIndirectCommandEncoder.hpp */,
				3E6A56D12E2D54AF004B9541 /* MTLIntersectionFunctionTable.hpp */,
				3E6A56D22E2D54AF004B9541 /* MTLIOCommandBuffer.hpp */,
				3E6A56D32E2D54AF004B9541 /* MTLIOCommandQueue.hpp */,
				3E6A56D42E2D54AF004B9541 /* MTLIOCompressor.hpp */,
				3E6A56D52E2D54AF004B9541 /* MTLLibrary.hpp */,
				3E6A56D62E2D54AF004B9541 /* MTLLinkedFunctions.hpp */,
				3E6A56D72E2D54AF004B9541 /* MTLLogState.hpp */,
				3E6A56D82E2D54AF004B9541 /* MTLParallelRenderCommandEncoder.hpp */,
				3E6A56D92E2D54AF004B9541 /* MTLPipeline.hpp */,
				3E6A56DA2E2D54AF004B9541 /* MTLPixelFormat.hpp */,
				3E6A56DB2E2D54AF004B9541 /* MTLPrivate.hpp */,
				3E6A56DC2E2D54AF004B9541 /* MTLRasterizationRate.hpp */,
				3E6A56DD2E2D54AF004B9541 /* MTLRenderCommandEncoder.hpp */,
				3E6A56DE2E2D54AF004B9541 /* MTLRenderPass.hpp */,
				3E6A56DF2E2D54AF004B9541 /* MTLRenderPipeline.hpp */,
				3E6A56E02E2D54AF004B9541 /* MTLResidencySet.hpp */,
				3E6A56E12E2D54AF004B9541 /* MTLResource.hpp */,
				3E6A56E22E2D54AF004B9541 /* MTLResourceStateCommandEncoder.hpp */,
				3E6A56E32E2D54AF004B9541 /* MTLResourceStatePass.hpp */,
				3E6A56E42E2D54AF004B9541 /* MTLResourceViewPool.hpp */,
				3E6A56E52E2D54AF004B9541 /* MTLSampler.hpp */,
				3E6A56E62E2D54AF004B9541 /* MTLStageInputOutputDescriptor.hpp */,
				3E6A56E72E2D54AF004B9541 /* MTLTensor.hpp */,
				3E6A56E82E2D54AF004B9541 /* MTLTexture.hpp */,
				3E6A56E92E2D54AF004B9541 /* MTLTextureViewPool.hpp */,
				3E6A56EA2E2D54AF004B9541 /* MTLTypes.hpp */,
				3E6A56EB2E2D54AF004B9541 /* MTLVersion.hpp */,
				3E6A56EC2E2D54AF004B9541 /* MTLVertexDescriptor.hpp */,
				3E6A56ED2E2D54AF004B9541 /* MTLVisibleFunctionTable.hpp */,
			);
			path = Metal;
			sourceTree = "<group>";
		};
		3E6A56FA2E2D54AF004B9541 /* MetalFX */ = {
			isa = PBXGroup;
			children = (
				3E6A56EF2E2D54AF004B9541 /* MetalFX.hpp */,
				3E6A56F02E2D54AF004B9541 /* MTL4FXFrameInterpolator.hpp */,
				3E6A56F12E2D54AF004B9541 /* MTL4FXSpatialScaler.hpp */,
				3E6A56F22E2D54AF004B9541 /* MTL4FXTemporalDenoisedScaler.hpp */,
				3E6A56F32E2D54AF004B9541 /* MTL4FXTemporalScaler.hpp */,
				3E6A56F42E2D54AF004B9541 /* MTLFXDefines.hpp */,
				3E6A56F52E2D54AF004B9541 /* MTLFXFrameInterpolator.hpp */,
				3E6A56F62E2D54AF004B9541 /* MTLFXPrivate.hpp */,
				3E6A56F72E2D54AF004B9541 /* MTLFXSpatialScaler.hpp */,
				3E6A56F82E2D54AF004B9541 /* MTLFXTemporalDenoisedScaler.hpp */,
				3E6A56F92E2D54AF004B9541 /* MTLFXTemporalScaler.hpp */,
			);
			path = MetalFX;
			sourceTree = "<group>";
		};
		3E6A57002E2D54AF004B9541 /* QuartzCore */ = {
			isa = PBXGroup;
			children = (
				3E6A56FB2E2D54AF004B9541 /* CADefines.hpp */,
				3E6A56FC2E2D54AF004B9541 /* CAMetalDrawable.hpp */,
				3E6A56FD2E2D54AF004B9541 /* CAMetalLayer.hpp */,
				3E6A56FE2E2D54AF004B9541 /* CAPrivate.hpp */,
				3E6A56FF2E2D54AF004B9541 /* QuartzCore.hpp */,
			);
			path = QuartzCore;
			sourceTree = "<group>";
		};
		3E6A57022E2D54AF004B9541 /* SingleHeader */ = {
			isa = PBXGroup;
			children = (
				3E6A57012E2D54AF004B9541 /* MakeSingleHeader.py */,
			);
			path = SingleHeader;
			sourceTree = "<group>";
		};
		3E6A57052E2D54AF004B9541 /* metal-cpp */ = {
			isa = PBXGroup;
			children = (
				3E6A568C2E2D54AF004B9541 /* Foundation */,
				3E6A56EE2E2D54AF004B9541 /* Metal */,
				3E6A56FA2E2D54AF004B9541 /* MetalFX */,
				3E6A57002E2D54AF004B9541 /* QuartzCore */,
				3E6A57022E2D54AF004B9541 /* SingleHeader */,
				3E6A57032E2D54AF004B9541 /* LICENSE.txt */,
				3E6A57042E2D54AF004B9541 /* README.md */,
			);
			path = "metal-cpp";
			sourceTree = "<group>";
		};
		3E6A57062E2D5626004B9541 /* Frameworks */ = {
			isa = PBXGroup;
			children = (
				3EDC0BA32E2F740500A33DAE /* lib-arm64 */,
				3EA28CEC2E2D7101005C81C7 /* CoreVideo.framework */,
				3EA28CEA2E2D70F8005C81C7 /* IOKit.framework */,
				3EA28CE82E2D70F0005C81C7 /* Cocoa.framework */,
				3E6A570B2E2D5636004B9541 /* QuartzCore.framework */,
				3E6A57092E2D562E004B9541 /* Metal.framework */,
				3E6A57072E2D5626004B9541 /* Foundation.framework */,
			);
			name = Frameworks;
			sourceTree = "<group>";
		};
		3E96C39C2E2E6D4100FAD6FD /* Molten */ = {
			isa = PBXGroup;
			children = (
				3E96C3952E2E6D4100FAD6FD /* application.hpp */,
				3E96C3962E2E6D4100FAD6FD /* application.mm */,
				3E96C3972E2E6D4100FAD6FD /* main.mm */,
				3E96C3982E2E6D4100FAD6FD /* mtl_implementation.mm */,
				3E96C3992E2E6D4100FAD6FD /* renderer.hpp */,
				3E96C39A2E2E6D4100FAD6FD /* renderer.mm */,
				3E96C39B2E2E6D4100FAD6FD /* triangle-shader.metal */,
			);
			path = Molten;
			sourceTree = "<group>";
		};
		3EA28CD02E2D702F005C81C7 /* GLFW */ = {
			isa = PBXGroup;
			children = (
				3EA28CCE2E2D702F005C81C7 /* glfw3.h */,
				3EA28CCF2E2D702F005C81C7 /* glfw3native.h */,
			);
			path = GLFW;
			sourceTree = "<group>";
		};
		3EA28CD12E2D702F005C81C7 /* include */ = {
			isa = PBXGroup;
			children = (
				3EA28CD02E2D702F005C81C7 /* GLFW */,
			);
			path = include;
			sourceTree = "<group>";
		};
		3EA28CDD2E2D702F005C81C7 /* glfw */ = {
			isa = PBXGroup;
			children = (
				3EA28CD12E2D702F005C81C7 /* include */,
				3EA28CDB2E2D702F005C81C7 /* LICENSE.md */,
				3EA28CDC2E2D702F005C81C7 /* README.md */,
				3EDC0BA12E2F73E700A33DAE /* lib-arm64 */,
			);
			path = glfw;
			sourceTree = "<group>";
		};
		3EDC0BA12E2F73E700A33DAE /* lib-arm64 */ = {
			isa = PBXGroup;
			children = (
				3EDC0BA02E2F73E700A33DAE /* libglfw3.a */,
			);
			path = "lib-arm64";
			sourceTree = "<group>";
		};
		3EDC0BA32E2F740500A33DAE /* lib-arm64 */ = {
			isa = PBXGroup;
			children = (
				3EDC0BA22E2F740500A33DAE /* libglfw3.a */,
			);
			name = "lib-arm64";
			path = "glfw/lib-arm64";
			sourceTree = "<group>";
		};
/* End PBXGroup section */

/* Begin PBXNativeTarget section */
		3E6A55482E2D5433004B9541 /* MyApp */ = {
			isa = PBXNativeTarget;
			buildConfigurationList = 3E6A55502E2D5433004B9541 /* Build configuration list for PBXNativeTarget "MyApp" */;
			buildPhases = (
				3E6A55452E2D5433004B9541 /* Sources */,
				3E6A55462E2D5433004B9541 /* Frameworks */,
			);
			buildRules = (
			);
			dependencies = (
			);
			name = MyApp;
			packageProductDependencies = (
			);
			productName = MyApp;
			productReference = 3E6A55492E2D5433004B9541 /* MoltenApp */;
			productType = "com.apple.product-type.tool";
		};
/* End PBXNativeTarget section */

/* Begin PBXProject section */
		3E6A55412E2D5433004B9541 /* Project object */ = {
			isa = PBXProject;
			attributes = {
				BuildIndependentTargetsInParallel = 1;
				LastUpgradeCheck = 1640;
				TargetAttributes = {
					3E6A55482E2D5433004B9541 = {
						CreatedOnToolsVersion = 16.4;
					};
				};
			};
			buildConfigurationList = 3E6A55442E2D5433004B9541 /* Build configuration list for PBXProject "Molten" */;
			developmentRegion = en;
			hasScannedForEncodings = 0;
			knownRegions = (
				en,
				Base,
			);
			mainGroup = 3E6A55402E2D5433004B9541;
			minimizedProjectReferenceProxies = 1;
			preferredProjectObjectVersion = 77;
			productRefGroup = 3E6A554A2E2D5433004B9541 /* Products */;
			projectDirPath = "";
			projectRoot = "";
			targets = (
				3E6A55482E2D5433004B9541 /* MyApp */,
			);
		};
/* End PBXProject section */

/* Begin PBXSourcesBuildPhase section */
		3E6A55452E2D5433004B9541 /* Sources */ = {
			isa = PBXSourcesBuildPhase;
			buildActionMask = 2147483647;
			files = (
				3E96C39D2E2E6D4100FAD6FD /* main.mm in Sources */,
				3E96C39E2E2E6D4100FAD6FD /* renderer.mm in Sources */,
				3E96C39F2E2E6D4100FAD6FD /* triangle-shader.metal in Sources */,
				3E96C3A02E2E6D4100FAD6FD /* mtl_implementation.mm in Sources */,
				3E96C3A12E2E6D4100FAD6FD /* application.mm in Sources */,
			);
			runOnlyForDeploymentPostprocessing = 0;
		};
/* End PBXSourcesBuildPhase section */

/* Begin XCBuildConfiguration section */
		3E6A554E2E2D5433004B9541 /* Debug */ = {
			isa = XCBuildConfiguration;
			buildSettings = {
				ALWAYS_SEARCH_USER_PATHS = NO;
				ASSETCATALOG_COMPILER_GENERATE_SWIFT_ASSET_SYMBOL_EXTENSIONS = YES;
				CLANG_ANALYZER_NONNULL = YES;
				CLANG_ANALYZER_NUMBER_OBJECT_CONVERSION = YES_AGGRESSIVE;
				CLANG_CXX_LANGUAGE_STANDARD = "gnu++20";
				CLANG_ENABLE_MODULES = YES;
				CLANG_ENABLE_OBJC_ARC = YES;
				CLANG_ENABLE_OBJC_WEAK = YES;
				CLANG_WARN_BLOCK_CAPTURE_AUTORELEASING = YES;
				CLANG_WARN_BOOL_CONVERSION = YES;
				CLANG_WARN_COMMA = YES;
				CLANG_WARN_CONSTANT_CONVERSION = YES;
				CLANG_WARN_DEPRECATED_OBJC_IMPLEMENTATIONS = YES;
				CLANG_WARN_DIRECT_OBJC_ISA_USAGE = YES_ERROR;
				CLANG_WARN_DOCUMENTATION_COMMENTS = YES;
				CLANG_WARN_EMPTY_BODY = YES;
				CLANG_WARN_ENUM_CONVERSION = YES;
				CLANG_WARN_INFINITE_RECURSION = YES;
				CLANG_WARN_INT_CONVERSION = YES;
				CLANG_WARN_NON_LITERAL_NULL_CONVERSION = YES;
				CLANG_WARN_OBJC_IMPLICIT_RETAIN_SELF = YES;
				CLANG_WARN_OBJC_LITERAL_CONVERSION = YES;
				CLANG_WARN_OBJC_ROOT_CLASS = YES_ERROR;
				CLANG_WARN_QUOTED_INCLUDE_IN_FRAMEWORK_HEADER = YES;
				CLANG_WARN_RANGE_LOOP_ANALYSIS = YES;
				CLANG_WARN_STRICT_PROTOTYPES = YES;
				CLANG_WARN_SUSPICIOUS_MOVE = YES;
				CLANG_WARN_UNGUARDED_AVAILABILITY = YES_AGGRESSIVE;
				CLANG_WARN_UNREACHABLE_CODE = YES;
				CLANG_WARN__DUPLICATE_METHOD_MATCH = YES;
				COPY_PHASE_STRIP = NO;
				DEBUG_INFORMATION_FORMAT = dwarf;
				ENABLE_STRICT_OBJC_MSGSEND = YES;
				ENABLE_TESTABILITY = YES;
				ENABLE_USER_SCRIPT_SANDBOXING = YES;
				GCC_C_LANGUAGE_STANDARD = gnu17;
				GCC_DYNAMIC_NO_PIC = NO;
				GCC_NO_COMMON_BLOCKS = YES;
				GCC_OPTIMIZATION_LEVEL = 0;
				GCC_PREPROCESSOR_DEFINITIONS = (
					"DEBUG=1",
					"$(inherited)",
				);
				GCC_WARN_64_TO_32_BIT_CONVERSION = YES;
				GCC_WARN_ABOUT_RETURN_TYPE = YES_ERROR;
				GCC_WARN_UNDECLARED_SELECTOR = YES;
				GCC_WARN_UNINITIALIZED_AUTOS = YES_AGGRESSIVE;
				GCC_WARN_UNUSED_FUNCTION = YES;
				GCC_WARN_UNUSED_VARIABLE = YES;
				LOCALIZATION_PREFERS_STRING_CATALOGS = YES;
				MACOSX_DEPLOYMENT_TARGET = 15.5;
				MTL_ENABLE_DEBUG_INFO = INCLUDE_SOURCE;
				MTL_FAST_MATH = YES;
				ONLY_ACTIVE_ARCH = YES;
				SDKROOT = macosx;
			};
			name = Debug;
		};
		3E6A554F2E2D5433004B9541 /* Release */ = {
			isa = XCBuildConfiguration;
			buildSettings = {
				ALWAYS_SEARCH_USER_PATHS = NO;
				ASSETCATALOG_COMPILER_GENERATE_SWIFT_ASSET_SYMBOL_EXTENSIONS = YES;
				CLANG_ANALYZER_NONNULL = YES;
				CLANG_ANALYZER_NUMBER_OBJECT_CONVERSION = YES_AGGRESSIVE;
				CLANG_CXX_LANGUAGE_STANDARD = "gnu++20";
				CLANG_ENABLE_MODULES = YES;
				CLANG_ENABLE_OBJC_ARC = YES;
				CLANG_ENABLE_OBJC_WEAK = YES;
				CLANG_WARN_BLOCK_CAPTURE_AUTORELEASING = YES;
				CLANG_WARN_BOOL_CONVERSION = YES;
				CLANG_WARN_COMMA = YES;
				CLANG_WARN_CONSTANT_CONVERSION = YES;
				CLANG_WARN_DEPRECATED_OBJC_IMPLEMENTATIONS = YES;
				CLANG_WARN_DIRECT_OBJC_ISA_USAGE = YES_ERROR;
				CLANG_WARN_DOCUMENTATION_COMMENTS = YES;
				CLANG_WARN_EMPTY_BODY = YES;
				CLANG_WARN_ENUM_CONVERSION = YES;
				CLANG_WARN_INFINITE_RECURSION = YES;
				CLANG_WARN_INT_CONVERSION = YES;
				CLANG_WARN_NON_LITERAL_NULL_CONVERSION = YES;
				CLANG_WARN_OBJC_IMPLICIT_RETAIN_SELF = YES;
				CLANG_WARN_OBJC_LITERAL_CONVERSION = YES;
				CLANG_WARN_OBJC_ROOT_CLASS = YES_ERROR;
				CLANG_WARN_QUOTED_INCLUDE_IN_FRAMEWORK_HEADER = YES;
				CLANG_WARN_RANGE_LOOP_ANALYSIS = YES;
				CLANG_WARN_STRICT_PROTOTYPES = YES;
				CLANG_WARN_SUSPICIOUS_MOVE = YES;
				CLANG_WARN_UNGUARDED_AVAILABILITY = YES_AGGRESSIVE;
				CLANG_WARN_UNREACHABLE_CODE = YES;
				CLANG_WARN__DUPLICATE_METHOD_MATCH = YES;
				COPY_PHASE_STRIP = NO;
				DEBUG_INFORMATION_FORMAT = "dwarf-with-dsym";
				ENABLE_NS_ASSERTIONS = NO;
				ENABLE_STRICT_OBJC_MSGSEND = YES;
				ENABLE_USER_SCRIPT_SANDBOXING = YES;
				GCC_C_LANGUAGE_STANDARD = gnu17;
				GCC_NO_COMMON_BLOCKS = YES;
				GCC_WARN_64_TO_32_BIT_CONVERSION = YES;
				GCC_WARN_ABOUT_RETURN_TYPE = YES_ERROR;
				GCC_WARN_UNDECLARED_SELECTOR = YES;
				GCC_WARN_UNINITIALIZED_AUTOS = YES_AGGRESSIVE;
				GCC_WARN_UNUSED_FUNCTION = YES;
				GCC_WARN_UNUSED_VARIABLE = YES;
				LOCALIZATION_PREFERS_STRING_CATALOGS = YES;
				MACOSX_DEPLOYMENT_TARGET = 15.5;
				MTL_ENABLE_DEBUG_INFO = NO;
				MTL_FAST_MATH = YES;
				SDKROOT = macosx;
			};
			name = Release;
		};
		3E6A55512E2D5433004B9541 /* Debug */ = {
			isa = XCBuildConfiguration;
			buildSettings = {
				CODE_SIGN_STYLE = Automatic;
				HEADER_SEARCH_PATHS = (
					"$(PROJECT_DIR)/metal-cpp",
					"$(PROJECT_DIR)/glfw/include",
				);
				LD_RUNPATH_SEARCH_PATHS = "";
				LIBRARY_SEARCH_PATHS = "$(PROJECT_DIR)/glfw/lib-arm64";
				PRODUCT_NAME = MoltenApp;
			};
			name = Debug;
		};
		3E6A55522E2D5433004B9541 /* Release */ = {
			isa = XCBuildConfiguration;
			buildSettings = {
				CODE_SIGN_STYLE = Automatic;
				HEADER_SEARCH_PATHS = (
					"$(PROJECT_DIR)/metal-cpp",
					"$(PROJECT_DIR)/glfw/include",
				);
				LD_RUNPATH_SEARCH_PATHS = "";
				LIBRARY_SEARCH_PATHS = "$(PROJECT_DIR)/glfw/lib-arm64";
				PRODUCT_NAME = MoltenApp;
			};
			name = Release;
		};
/* End XCBuildConfiguration section */

/* Begin XCConfigurationList section */
		3E6A55442E2D5433004B9541 /* Build configuration list for PBXProject "Molten" */ = {
			isa = XCConfigurationList;
			buildConfigurations = (
				3E6A554E2E2D5433004B9541 /* Debug */,
				3E6A554F2E2D5433004B9541 /* Release */,
			);
			defaultConfigurationIsVisible = 0;
			defaultConfigurationName = Release;
		};
		3E6A55502E2D5433004B9541 /* Build configuration list for PBXNativeTarget "MyApp" */ = {
			isa = XCConfigurationList;
			buildConfigurations = (
				3E6A55512E2D5433004B9541 /* Debug */,
				3E6A55522E2D5433004B9541 /* Release */,
			);
			defaultConfigurationIsVisible = 0;
			defaultConfigurationName = Release;
		};
/* End XCConfigurationList section */
	};
	rootObject = 3E6A55412E2D5433004B9541 /* Project object */;
}
