// !$*UTF8*$!
{
	archiveVersion = 1;
	classes = {
	};
	objectVersion = 77;
	objects = {

/* Begin PBXBuildFile section */
		3E0AE5922E31075D00137C9C /* sprite-2D.mm in Sources */ = {isa = PBXBuildFile; fileRef = 3E0AE5912E31075800137C9C /* sprite-2D.mm */; };
		3E2D1DAC2E314E51002F6589 /* molten.hpp in Headers */ = {isa = PBXBuildFile; fileRef = 3E2D1DAB2E314E4C002F6589 /* molten.hpp */; };
		3E97DE5A2E3168D20076A552 /* sprite-2D.metal in Sources */ = {isa = PBXBuildFile; fileRef = 3E97DE562E3168D20076A552 /* sprite-2D.metal */; };
		3EB6742B2E2FD2CD00B7049D /* window.hpp in Headers */ = {isa = PBXBuildFile; fileRef = 3EB6742A2E2FD2C800B7049D /* window.hpp */; };
		3EB6742F2E2FD4C800B7049D /* window.mm in Sources */ = {isa = PBXBuildFile; fileRef = 3EB6742E2E2FD4C400B7049D /* window.mm */; };
		3ED275E02E30D3C1008F51BA /* texture-2D.hpp in Headers */ = {isa = PBXBuildFile; fileRef = 3ED275DF2E30D3BD008F51BA /* texture-2D.hpp */; };
		3ED275E22E30D448008F51BA /* texture-2D.mm in Sources */ = {isa = PBXBuildFile; fileRef = 3ED275E12E30D440008F51BA /* texture-2D.mm */; };
		3ED275E42E30DFBE008F51BA /* sprite-2D.hpp in Headers */ = {isa = PBXBuildFile; fileRef = 3ED275E32E30DFB7008F51BA /* sprite-2D.hpp */; };
		3EDC0BB12E2F822D00A33DAE /* application.mm in Sources */ = {isa = PBXBuildFile; fileRef = 3EDC0AE12E2F70EE00A33DAE /* application.mm */; };
		3EDC0BB32E2F822D00A33DAE /* mtl_implementation.mm in Sources */ = {isa = PBXBuildFile; fileRef = 3EDC0AE92E2F70EE00A33DAE /* mtl_implementation.mm */; };
		3EDC0BB52E2F825100A33DAE /* Foundation.framework in Frameworks */ = {isa = PBXBuildFile; fileRef = 3EDC0BA72E2F751E00A33DAE /* Foundation.framework */; };
		3EDC0BB62E2F825500A33DAE /* Metal.framework in Frameworks */ = {isa = PBXBuildFile; fileRef = 3EDC0BA52E2F74FB00A33DAE /* Metal.framework */; };
		3EDC0BB72E2F825C00A33DAE /* CoreVideo.framework in Frameworks */ = {isa = PBXBuildFile; fileRef = 3EDC0B982E2F719800A33DAE /* CoreVideo.framework */; };
		3EDC0BB82E2F826400A33DAE /* QuartzCore.framework in Frameworks */ = {isa = PBXBuildFile; fileRef = 3EDC0B9E2E2F72F800A33DAE /* QuartzCore.framework */; };
		3EDC0BB92E2F826B00A33DAE /* IOKit.framework in Frameworks */ = {isa = PBXBuildFile; fileRef = 3EDC0B9A2E2F719E00A33DAE /* IOKit.framework */; };
		3EDC0BBA2E2F826F00A33DAE /* Cocoa.framework in Frameworks */ = {isa = PBXBuildFile; fileRef = 3EDC0B9C2E2F71A300A33DAE /* Cocoa.framework */; };
		3EDC0BC82E2F837400A33DAE /* libmolten.lib.a in Frameworks */ = {isa = PBXBuildFile; fileRef = 3EDC0BAD2E2F81F200A33DAE /* libmolten.lib.a */; };
		3EDC0BC92E2F884E00A33DAE /* Cocoa.framework in Frameworks */ = {isa = PBXBuildFile; fileRef = 3EDC0B9C2E2F71A300A33DAE /* Cocoa.framework */; };
		3EDC0BCA2E2F885200A33DAE /* CoreVideo.framework in Frameworks */ = {isa = PBXBuildFile; fileRef = 3EDC0B982E2F719800A33DAE /* CoreVideo.framework */; };
		3EDC0BCB2E2F885600A33DAE /* Metal.framework in Frameworks */ = {isa = PBXBuildFile; fileRef = 3EDC0BA52E2F74FB00A33DAE /* Metal.framework */; };
		3EDC0BCC2E2F885C00A33DAE /* IOKit.framework in Frameworks */ = {isa = PBXBuildFile; fileRef = 3EDC0B9A2E2F719E00A33DAE /* IOKit.framework */; };
		3EDC0BCD2E2F886300A33DAE /* QuartzCore.framework in Frameworks */ = {isa = PBXBuildFile; fileRef = 3EDC0B9E2E2F72F800A33DAE /* QuartzCore.framework */; };
		3EDC0BCE2E2F886C00A33DAE /* Foundation.framework in Frameworks */ = {isa = PBXBuildFile; fileRef = 3EDC0BA72E2F751E00A33DAE /* Foundation.framework */; };
		3EEF6FEF2E3238F60067FE5D /* game.hpp in Headers */ = {isa = PBXBuildFile; fileRef = 3EEF6FEE2E3238F30067FE5D /* game.hpp */; };
		3EEF6FF12E323FB10067FE5D /* renderer-2D.hpp in Headers */ = {isa = PBXBuildFile; fileRef = 3EEF6FF02E323FB10067FE5D /* renderer-2D.hpp */; };
		3EEF6FF72E3243DB0067FE5D /* renderer-2D.mm in Sources */ = {isa = PBXBuildFile; fileRef = 3EEF6FF62E3243D70067FE5D /* renderer-2D.mm */; };
		3EEF6FF92E3243EE0067FE5D /* vertex-data-2D.hpp in Headers */ = {isa = PBXBuildFile; fileRef = 3EEF6FF82E3243E90067FE5D /* vertex-data-2D.hpp */; };
/* End PBXBuildFile section */

/* Begin PBXContainerItemProxy section */
		3EDC0BC62E2F835E00A33DAE /* PBXContainerItemProxy */ = {
			isa = PBXContainerItemProxy;
			containerPortal = 3EDC0ACE2E2F70A500A33DAE /* Project object */;
			proxyType = 1;
			remoteGlobalIDString = 3EDC0BAC2E2F81F200A33DAE;
			remoteInfo = molten.lib;
		};
/* End PBXContainerItemProxy section */

/* Begin PBXCopyFilesBuildPhase section */
		3EDC0BBD2E2F835300A33DAE /* CopyFiles */ = {
			isa = PBXCopyFilesBuildPhase;
			buildActionMask = 2147483647;
			dstPath = /usr/share/man/man1/;
			dstSubfolderSpec = 0;
			files = (
			);
			runOnlyForDeploymentPostprocessing = 1;
		};
/* End PBXCopyFilesBuildPhase section */

/* Begin PBXFileReference section */
		3E0AE5912E31075800137C9C /* sprite-2D.mm */ = {isa = PBXFileReference; lastKnownFileType = sourcecode.cpp.objcpp; path = "sprite-2D.mm"; sourceTree = "<group>"; };
		3E0AE5A22E311C7C00137C9C /* texture.png */ = {isa = PBXFileReference; lastKnownFileType = image.png; path = texture.png; sourceTree = "<group>"; };
		3E2D1DAB2E314E4C002F6589 /* molten.hpp */ = {isa = PBXFileReference; lastKnownFileType = sourcecode.cpp.h; path = molten.hpp; sourceTree = "<group>"; };
		3E97DE562E3168D20076A552 /* sprite-2D.metal */ = {isa = PBXFileReference; lastKnownFileType = sourcecode.metal; path = "sprite-2D.metal"; sourceTree = "<group>"; };
		3EB6742A2E2FD2C800B7049D /* window.hpp */ = {isa = PBXFileReference; lastKnownFileType = sourcecode.cpp.h; path = window.hpp; sourceTree = "<group>"; };
		3EB6742E2E2FD4C400B7049D /* window.mm */ = {isa = PBXFileReference; lastKnownFileType = sourcecode.cpp.objcpp; path = window.mm; sourceTree = "<group>"; };
		3ED275DF2E30D3BD008F51BA /* texture-2D.hpp */ = {isa = PBXFileReference; lastKnownFileType = sourcecode.cpp.h; path = "texture-2D.hpp"; sourceTree = "<group>"; };
		3ED275E12E30D440008F51BA /* texture-2D.mm */ = {isa = PBXFileReference; lastKnownFileType = sourcecode.cpp.objcpp; path = "texture-2D.mm"; sourceTree = "<group>"; };
		3ED275E32E30DFB7008F51BA /* sprite-2D.hpp */ = {isa = PBXFileReference; lastKnownFileType = sourcecode.cpp.h; path = "sprite-2D.hpp"; sourceTree = "<group>"; };
		3EDC0AE02E2F70EE00A33DAE /* application.hpp */ = {isa = PBXFileReference; lastKnownFileType = sourcecode.cpp.h; path = application.hpp; sourceTree = "<group>"; };
		3EDC0AE12E2F70EE00A33DAE /* application.mm */ = {isa = PBXFileReference; lastKnownFileType = sourcecode.cpp.objcpp; path = application.mm; sourceTree = "<group>"; };
		3EDC0AE92E2F70EE00A33DAE /* mtl_implementation.mm */ = {isa = PBXFileReference; lastKnownFileType = sourcecode.cpp.objcpp; path = mtl_implementation.mm; sourceTree = "<group>"; };
		3EDC0B982E2F719800A33DAE /* CoreVideo.framework */ = {isa = PBXFileReference; lastKnownFileType = wrapper.framework; name = CoreVideo.framework; path = System/Library/Frameworks/CoreVideo.framework; sourceTree = SDKROOT; };
		3EDC0B9A2E2F719E00A33DAE /* IOKit.framework */ = {isa = PBXFileReference; lastKnownFileType = wrapper.framework; name = IOKit.framework; path = System/Library/Frameworks/IOKit.framework; sourceTree = SDKROOT; };
		3EDC0B9C2E2F71A300A33DAE /* Cocoa.framework */ = {isa = PBXFileReference; lastKnownFileType = wrapper.framework; name = Cocoa.framework; path = System/Library/Frameworks/Cocoa.framework; sourceTree = SDKROOT; };
		3EDC0B9E2E2F72F800A33DAE /* QuartzCore.framework */ = {isa = PBXFileReference; lastKnownFileType = wrapper.framework; name = QuartzCore.framework; path = System/Library/Frameworks/QuartzCore.framework; sourceTree = SDKROOT; };
		3EDC0BA52E2F74FB00A33DAE /* Metal.framework */ = {isa = PBXFileReference; lastKnownFileType = wrapper.framework; name = Metal.framework; path = System/Library/Frameworks/Metal.framework; sourceTree = SDKROOT; };
		3EDC0BA72E2F751E00A33DAE /* Foundation.framework */ = {isa = PBXFileReference; lastKnownFileType = wrapper.framework; name = Foundation.framework; path = System/Library/Frameworks/Foundation.framework; sourceTree = SDKROOT; };
		3EDC0BAD2E2F81F200A33DAE /* libmolten.lib.a */ = {isa = PBXFileReference; explicitFileType = archive.ar; includeInIndex = 0; path = libmolten.lib.a; sourceTree = BUILT_PRODUCTS_DIR; };
		3EDC0BBF2E2F835300A33DAE /* molten.app */ = {isa = PBXFileReference; explicitFileType = "compiled.mach-o.executable"; includeInIndex = 0; path = molten.app; sourceTree = BUILT_PRODUCTS_DIR; };
		3EEF6FEE2E3238F30067FE5D /* game.hpp */ = {isa = PBXFileReference; lastKnownFileType = sourcecode.cpp.h; path = game.hpp; sourceTree = "<group>"; };
		3EEF6FF02E323FB10067FE5D /* renderer-2D.hpp */ = {isa = PBXFileReference; lastKnownFileType = sourcecode.cpp.h; path = "renderer-2D.hpp"; sourceTree = "<group>"; };
		3EEF6FF62E3243D70067FE5D /* renderer-2D.mm */ = {isa = PBXFileReference; lastKnownFileType = sourcecode.cpp.objcpp; path = "renderer-2D.mm"; sourceTree = "<group>"; };
		3EEF6FF82E3243E90067FE5D /* vertex-data-2D.hpp */ = {isa = PBXFileReference; lastKnownFileType = sourcecode.cpp.h; path = "vertex-data-2D.hpp"; sourceTree = "<group>"; };
/* End PBXFileReference section */

/* Begin PBXFileSystemSynchronizedRootGroup section */
		3E97DF682E316AFB0076A552 /* third_party */ = {
			isa = PBXFileSystemSynchronizedRootGroup;
			path = third_party;
			sourceTree = SOURCE_ROOT;
		};
		3E97E05D2E316CB20076A552 /* maths */ = {
			isa = PBXFileSystemSynchronizedRootGroup;
			path = maths;
			sourceTree = "<group>";
		};
		3ED275D42E30D1B3008F51BA /* utils */ = {
			isa = PBXFileSystemSynchronizedRootGroup;
			path = utils;
			sourceTree = "<group>";
		};
		3EDC0BC02E2F835300A33DAE /* molten.app */ = {
			isa = PBXFileSystemSynchronizedRootGroup;
			path = molten.app;
			sourceTree = "<group>";
		};
/* End PBXFileSystemSynchronizedRootGroup section */

/* Begin PBXFrameworksBuildPhase section */
		3EDC0BAB2E2F81F200A33DAE /* Frameworks */ = {
			isa = PBXFrameworksBuildPhase;
			buildActionMask = 2147483647;
			files = (
				3EDC0BBA2E2F826F00A33DAE /* Cocoa.framework in Frameworks */,
				3EDC0BB92E2F826B00A33DAE /* IOKit.framework in Frameworks */,
				3EDC0BB82E2F826400A33DAE /* QuartzCore.framework in Frameworks */,
				3EDC0BB72E2F825C00A33DAE /* CoreVideo.framework in Frameworks */,
				3EDC0BB62E2F825500A33DAE /* Metal.framework in Frameworks */,
				3EDC0BB52E2F825100A33DAE /* Foundation.framework in Frameworks */,
			);
			runOnlyForDeploymentPostprocessing = 0;
		};
		3EDC0BBC2E2F835300A33DAE /* Frameworks */ = {
			isa = PBXFrameworksBuildPhase;
			buildActionMask = 2147483647;
			files = (
				3EDC0BCE2E2F886C00A33DAE /* Foundation.framework in Frameworks */,
				3EDC0BCD2E2F886300A33DAE /* QuartzCore.framework in Frameworks */,
				3EDC0BCC2E2F885C00A33DAE /* IOKit.framework in Frameworks */,
				3EDC0BCB2E2F885600A33DAE /* Metal.framework in Frameworks */,
				3EDC0BCA2E2F885200A33DAE /* CoreVideo.framework in Frameworks */,
				3EDC0BC92E2F884E00A33DAE /* Cocoa.framework in Frameworks */,
				3EDC0BC82E2F837400A33DAE /* libmolten.lib.a in Frameworks */,
			);
			runOnlyForDeploymentPostprocessing = 0;
		};
/* End PBXFrameworksBuildPhase section */

/* Begin PBXGroup section */
		3E0AE5A32E311C7C00137C9C /* assets */ = {
			isa = PBXGroup;
			children = (
				3E0AE5A22E311C7C00137C9C /* texture.png */,
			);
			path = assets;
			sourceTree = "<group>";
		};
		3EDC0ACD2E2F70A500A33DAE = {
			isa = PBXGroup;
			children = (
				3EDC0AEB2E2F70EE00A33DAE /* engine */,
				3EDC0BC02E2F835300A33DAE /* molten.app */,
				3EDC0B972E2F719800A33DAE /* Frameworks */,
				3EDC0AD72E2F70A500A33DAE /* Products */,
				3E0AE5A32E311C7C00137C9C /* assets */,
			);
			sourceTree = "<group>";
		};
		3EDC0AD72E2F70A500A33DAE /* Products */ = {
			isa = PBXGroup;
			children = (
				3EDC0BAD2E2F81F200A33DAE /* libmolten.lib.a */,
				3EDC0BBF2E2F835300A33DAE /* molten.app */,
			);
			name = Products;
			sourceTree = "<group>";
		};
		3EDC0AE22E2F70EE00A33DAE /* application */ = {
			isa = PBXGroup;
			children = (
				3EEF6FEE2E3238F30067FE5D /* game.hpp */,
				3EB6742E2E2FD4C400B7049D /* window.mm */,
				3EB6742A2E2FD2C800B7049D /* window.hpp */,
				3EDC0AE02E2F70EE00A33DAE /* application.hpp */,
				3EDC0AE12E2F70EE00A33DAE /* application.mm */,
			);
			path = application;
			sourceTree = "<group>";
		};
		3EDC0AE82E2F70EE00A33DAE /* renderer */ = {
			isa = PBXGroup;
			children = (
				3EEF6FF82E3243E90067FE5D /* vertex-data-2D.hpp */,
				3EEF6FF62E3243D70067FE5D /* renderer-2D.mm */,
				3E0AE5912E31075800137C9C /* sprite-2D.mm */,
				3ED275E32E30DFB7008F51BA /* sprite-2D.hpp */,
				3ED275E12E30D440008F51BA /* texture-2D.mm */,
				3ED275DF2E30D3BD008F51BA /* texture-2D.hpp */,
				3E97DE562E3168D20076A552 /* sprite-2D.metal */,
				3EEF6FF02E323FB10067FE5D /* renderer-2D.hpp */,
			);
			path = renderer;
			sourceTree = "<group>";
		};
		3EDC0AEA2E2F70EE00A33DAE /* core */ = {
			isa = PBXGroup;
			children = (
				3E97E05D2E316CB20076A552 /* maths */,
				3E2D1DAB2E314E4C002F6589 /* molten.hpp */,
				3ED275D42E30D1B3008F51BA /* utils */,
				3EDC0AE22E2F70EE00A33DAE /* application */,
				3EDC0AE82E2F70EE00A33DAE /* renderer */,
				3EDC0AE92E2F70EE00A33DAE /* mtl_implementation.mm */,
			);
			path = core;
			sourceTree = "<group>";
		};
		3EDC0AEB2E2F70EE00A33DAE /* engine */ = {
			isa = PBXGroup;
			children = (
				3EDC0AEA2E2F70EE00A33DAE /* core */,
				3E97DF682E316AFB0076A552 /* third_party */,
			);
			path = engine;
			sourceTree = "<group>";
		};
		3EDC0B972E2F719800A33DAE /* Frameworks */ = {
			isa = PBXGroup;
			children = (
				3EDC0BA72E2F751E00A33DAE /* Foundation.framework */,
				3EDC0BA52E2F74FB00A33DAE /* Metal.framework */,
				3EDC0B9E2E2F72F800A33DAE /* QuartzCore.framework */,
				3EDC0B9C2E2F71A300A33DAE /* Cocoa.framework */,
				3EDC0B9A2E2F719E00A33DAE /* IOKit.framework */,
				3EDC0B982E2F719800A33DAE /* CoreVideo.framework */,
			);
			name = Frameworks;
			sourceTree = "<group>";
		};
/* End PBXGroup section */

/* Begin PBXHeadersBuildPhase section */
		3EDC0BA92E2F81F200A33DAE /* Headers */ = {
			isa = PBXHeadersBuildPhase;
			buildActionMask = 2147483647;
			files = (
				3EEF6FF12E323FB10067FE5D /* renderer-2D.hpp in Headers */,
				3EEF6FF92E3243EE0067FE5D /* vertex-data-2D.hpp in Headers */,
				3EEF6FEF2E3238F60067FE5D /* game.hpp in Headers */,
				3EB6742B2E2FD2CD00B7049D /* window.hpp in Headers */,
				3ED275E02E30D3C1008F51BA /* texture-2D.hpp in Headers */,
				3E2D1DAC2E314E51002F6589 /* molten.hpp in Headers */,
				3ED275E42E30DFBE008F51BA /* sprite-2D.hpp in Headers */,
			);
			runOnlyForDeploymentPostprocessing = 0;
		};
/* End PBXHeadersBuildPhase section */

/* Begin PBXNativeTarget section */
		3EDC0BAC2E2F81F200A33DAE /* molten.lib */ = {
			isa = PBXNativeTarget;
			buildConfigurationList = 3EDC0BAE2E2F81F200A33DAE /* Build configuration list for PBXNativeTarget "molten.lib" */;
			buildPhases = (
				3EDC0BA92E2F81F200A33DAE /* Headers */,
				3EDC0BAA2E2F81F200A33DAE /* Sources */,
				3EDC0BAB2E2F81F200A33DAE /* Frameworks */,
			);
			buildRules = (
			);
			dependencies = (
			);
			fileSystemSynchronizedGroups = (
				3E97DF682E316AFB0076A552 /* third_party */,
				3E97E05D2E316CB20076A552 /* maths */,
				3ED275D42E30D1B3008F51BA /* utils */,
			);
			name = molten.lib;
			packageProductDependencies = (
			);
			productName = molten.lib;
			productReference = 3EDC0BAD2E2F81F200A33DAE /* libmolten.lib.a */;
			productType = "com.apple.product-type.library.static";
		};
		3EDC0BBE2E2F835300A33DAE /* molten.app */ = {
			isa = PBXNativeTarget;
			buildConfigurationList = 3EDC0BC32E2F835300A33DAE /* Build configuration list for PBXNativeTarget "molten.app" */;
			buildPhases = (
				3EDC0BBB2E2F835300A33DAE /* Sources */,
				3EDC0BBC2E2F835300A33DAE /* Frameworks */,
				3EDC0BBD2E2F835300A33DAE /* CopyFiles */,
			);
			buildRules = (
			);
			dependencies = (
				3EDC0BC72E2F835E00A33DAE /* PBXTargetDependency */,
			);
			fileSystemSynchronizedGroups = (
				3EDC0BC02E2F835300A33DAE /* molten.app */,
			);
			name = molten.app;
			packageProductDependencies = (
			);
			productName = molten.app;
			productReference = 3EDC0BBF2E2F835300A33DAE /* molten.app */;
			productType = "com.apple.product-type.tool";
		};
/* End PBXNativeTarget section */

/* Begin PBXProject section */
		3EDC0ACE2E2F70A500A33DAE /* Project object */ = {
			isa = PBXProject;
			attributes = {
				BuildIndependentTargetsInParallel = 1;
				LastUpgradeCheck = 1640;
				TargetAttributes = {
					3EDC0BAC2E2F81F200A33DAE = {
						CreatedOnToolsVersion = 16.4;
					};
					3EDC0BBE2E2F835300A33DAE = {
						CreatedOnToolsVersion = 16.4;
					};
				};
			};
			buildConfigurationList = 3EDC0AD12E2F70A500A33DAE /* Build configuration list for PBXProject "molten" */;
			developmentRegion = en;
			hasScannedForEncodings = 0;
			knownRegions = (
				en,
				Base,
			);
			mainGroup = 3EDC0ACD2E2F70A500A33DAE;
			minimizedProjectReferenceProxies = 1;
			preferredProjectObjectVersion = 77;
			productRefGroup = 3EDC0AD72E2F70A500A33DAE /* Products */;
			projectDirPath = "";
			projectRoot = "";
			targets = (
				3EDC0BAC2E2F81F200A33DAE /* molten.lib */,
				3EDC0BBE2E2F835300A33DAE /* molten.app */,
			);
		};
/* End PBXProject section */

/* Begin PBXSourcesBuildPhase section */
		3EDC0BAA2E2F81F200A33DAE /* Sources */ = {
			isa = PBXSourcesBuildPhase;
			buildActionMask = 2147483647;
			files = (
				3EDC0BB12E2F822D00A33DAE /* application.mm in Sources */,
				3EEF6FF72E3243DB0067FE5D /* renderer-2D.mm in Sources */,
				3EB6742F2E2FD4C800B7049D /* window.mm in Sources */,
				3EDC0BB32E2F822D00A33DAE /* mtl_implementation.mm in Sources */,
				3ED275E22E30D448008F51BA /* texture-2D.mm in Sources */,
				3E0AE5922E31075D00137C9C /* sprite-2D.mm in Sources */,
			);
			runOnlyForDeploymentPostprocessing = 0;
		};
		3EDC0BBB2E2F835300A33DAE /* Sources */ = {
			isa = PBXSourcesBuildPhase;
			buildActionMask = 2147483647;
			files = (
				3E97DE5A2E3168D20076A552 /* sprite-2D.metal in Sources */,
			);
			runOnlyForDeploymentPostprocessing = 0;
		};
/* End PBXSourcesBuildPhase section */

/* Begin PBXTargetDependency section */
		3EDC0BC72E2F835E00A33DAE /* PBXTargetDependency */ = {
			isa = PBXTargetDependency;
			target = 3EDC0BAC2E2F81F200A33DAE /* molten.lib */;
			targetProxy = 3EDC0BC62E2F835E00A33DAE /* PBXContainerItemProxy */;
		};
/* End PBXTargetDependency section */

/* Begin XCBuildConfiguration section */
		3EDC0ADB2E2F70A500A33DAE /* Debug */ = {
			isa = XCBuildConfiguration;
			buildSettings = {
				ALWAYS_SEARCH_USER_PATHS = NO;
				ASSETCATALOG_COMPILER_GENERATE_SWIFT_ASSET_SYMBOL_EXTENSIONS = YES;
				CLANG_ANALYZER_NONNULL = YES;
				CLANG_ANALYZER_NUMBER_OBJECT_CONVERSION = YES_AGGRESSIVE;
				CLANG_CXX_LANGUAGE_STANDARD = "gnu++20";
				CLANG_ENABLE_MODULES = YES;
				CLANG_ENABLE_OBJC_ARC = YES;
				CLANG_ENABLE_OBJC_WEAK = YES;
				CLANG_WARN_BLOCK_CAPTURE_AUTORELEASING = YES;
				CLANG_WARN_BOOL_CONVERSION = YES;
				CLANG_WARN_COMMA = YES;
				CLANG_WARN_CONSTANT_CONVERSION = YES;
				CLANG_WARN_DEPRECATED_OBJC_IMPLEMENTATIONS = YES;
				CLANG_WARN_DIRECT_OBJC_ISA_USAGE = YES_ERROR;
				CLANG_WARN_DOCUMENTATION_COMMENTS = YES;
				CLANG_WARN_EMPTY_BODY = YES;
				CLANG_WARN_ENUM_CONVERSION = YES;
				CLANG_WARN_INFINITE_RECURSION = YES;
				CLANG_WARN_INT_CONVERSION = YES;
				CLANG_WARN_NON_LITERAL_NULL_CONVERSION = YES;
				CLANG_WARN_OBJC_IMPLICIT_RETAIN_SELF = YES;
				CLANG_WARN_OBJC_LITERAL_CONVERSION = YES;
				CLANG_WARN_OBJC_ROOT_CLASS = YES_ERROR;
				CLANG_WARN_QUOTED_INCLUDE_IN_FRAMEWORK_HEADER = YES;
				CLANG_WARN_RANGE_LOOP_ANALYSIS = YES;
				CLANG_WARN_STRICT_PROTOTYPES = YES;
				CLANG_WARN_SUSPICIOUS_MOVE = YES;
				CLANG_WARN_UNGUARDED_AVAILABILITY = YES_AGGRESSIVE;
				CLANG_WARN_UNREACHABLE_CODE = YES;
				CLANG_WARN__DUPLICATE_METHOD_MATCH = YES;
				COPY_PHASE_STRIP = NO;
				DEBUG_INFORMATION_FORMAT = dwarf;
				ENABLE_STRICT_OBJC_MSGSEND = YES;
				ENABLE_TESTABILITY = YES;
				ENABLE_USER_SCRIPT_SANDBOXING = YES;
				GCC_C_LANGUAGE_STANDARD = gnu17;
				GCC_DYNAMIC_NO_PIC = NO;
				GCC_NO_COMMON_BLOCKS = YES;
				GCC_OPTIMIZATION_LEVEL = 0;
				GCC_PREPROCESSOR_DEFINITIONS = (
					"DEBUG=1",
					"$(inherited)",
				);
				GCC_WARN_64_TO_32_BIT_CONVERSION = YES;
				GCC_WARN_ABOUT_RETURN_TYPE = YES_ERROR;
				GCC_WARN_UNDECLARED_SELECTOR = YES;
				GCC_WARN_UNINITIALIZED_AUTOS = YES_AGGRESSIVE;
				GCC_WARN_UNUSED_FUNCTION = YES;
				GCC_WARN_UNUSED_VARIABLE = YES;
				LOCALIZATION_PREFERS_STRING_CATALOGS = YES;
				MACOSX_DEPLOYMENT_TARGET = 15.5;
				MTL_ENABLE_DEBUG_INFO = INCLUDE_SOURCE;
				MTL_FAST_MATH = YES;
				ONLY_ACTIVE_ARCH = YES;
				SDKROOT = macosx;
			};
			name = Debug;
		};
		3EDC0ADC2E2F70A500A33DAE /* Release */ = {
			isa = XCBuildConfiguration;
			buildSettings = {
				ALWAYS_SEARCH_USER_PATHS = NO;
				ASSETCATALOG_COMPILER_GENERATE_SWIFT_ASSET_SYMBOL_EXTENSIONS = YES;
				CLANG_ANALYZER_NONNULL = YES;
				CLANG_ANALYZER_NUMBER_OBJECT_CONVERSION = YES_AGGRESSIVE;
				CLANG_CXX_LANGUAGE_STANDARD = "gnu++20";
				CLANG_ENABLE_MODULES = YES;
				CLANG_ENABLE_OBJC_ARC = YES;
				CLANG_ENABLE_OBJC_WEAK = YES;
				CLANG_WARN_BLOCK_CAPTURE_AUTORELEASING = YES;
				CLANG_WARN_BOOL_CONVERSION = YES;
				CLANG_WARN_COMMA = YES;
				CLANG_WARN_CONSTANT_CONVERSION = YES;
				CLANG_WARN_DEPRECATED_OBJC_IMPLEMENTATIONS = YES;
				CLANG_WARN_DIRECT_OBJC_ISA_USAGE = YES_ERROR;
				CLANG_WARN_DOCUMENTATION_COMMENTS = YES;
				CLANG_WARN_EMPTY_BODY = YES;
				CLANG_WARN_ENUM_CONVERSION = YES;
				CLANG_WARN_INFINITE_RECURSION = YES;
				CLANG_WARN_INT_CONVERSION = YES;
				CLANG_WARN_NON_LITERAL_NULL_CONVERSION = YES;
				CLANG_WARN_OBJC_IMPLICIT_RETAIN_SELF = YES;
				CLANG_WARN_OBJC_LITERAL_CONVERSION = YES;
				CLANG_WARN_OBJC_ROOT_CLASS = YES_ERROR;
				CLANG_WARN_QUOTED_INCLUDE_IN_FRAMEWORK_HEADER = YES;
				CLANG_WARN_RANGE_LOOP_ANALYSIS = YES;
				CLANG_WARN_STRICT_PROTOTYPES = YES;
				CLANG_WARN_SUSPICIOUS_MOVE = YES;
				CLANG_WARN_UNGUARDED_AVAILABILITY = YES_AGGRESSIVE;
				CLANG_WARN_UNREACHABLE_CODE = YES;
				CLANG_WARN__DUPLICATE_METHOD_MATCH = YES;
				COPY_PHASE_STRIP = NO;
				DEBUG_INFORMATION_FORMAT = "dwarf-with-dsym";
				ENABLE_NS_ASSERTIONS = NO;
				ENABLE_STRICT_OBJC_MSGSEND = YES;
				ENABLE_USER_SCRIPT_SANDBOXING = YES;
				GCC_C_LANGUAGE_STANDARD = gnu17;
				GCC_NO_COMMON_BLOCKS = YES;
				GCC_WARN_64_TO_32_BIT_CONVERSION = YES;
				GCC_WARN_ABOUT_RETURN_TYPE = YES_ERROR;
				GCC_WARN_UNDECLARED_SELECTOR = YES;
				GCC_WARN_UNINITIALIZED_AUTOS = YES_AGGRESSIVE;
				GCC_WARN_UNUSED_FUNCTION = YES;
				GCC_WARN_UNUSED_VARIABLE = YES;
				LOCALIZATION_PREFERS_STRING_CATALOGS = YES;
				MACOSX_DEPLOYMENT_TARGET = 15.5;
				MTL_ENABLE_DEBUG_INFO = NO;
				MTL_FAST_MATH = YES;
				SDKROOT = macosx;
			};
			name = Release;
		};
		3EDC0BAF2E2F81F200A33DAE /* Debug */ = {
			isa = XCBuildConfiguration;
			buildSettings = {
				CODE_SIGN_STYLE = Automatic;
				EXECUTABLE_PREFIX = lib;
				HEADER_SEARCH_PATHS = (
					"$(PROJECT_DIR)/third_party/glfw/include",
					"$(PROJECT_DIR)/third_party/metal-cpp",
					"$(PROJECT_DIR)/third_party/spdlog/include",
				);
				LIBRARY_SEARCH_PATHS = (
					"$(inherited)",
					"$(PROJECT_DIR)/third_party/glfw/lib-arm64",
				);
				PRODUCT_NAME = "$(TARGET_NAME)";
				SKIP_INSTALL = YES;
			};
			name = Debug;
		};
		3EDC0BB02E2F81F200A33DAE /* Release */ = {
			isa = XCBuildConfiguration;
			buildSettings = {
				CODE_SIGN_STYLE = Automatic;
				EXECUTABLE_PREFIX = lib;
				HEADER_SEARCH_PATHS = (
					"$(PROJECT_DIR)/third_party/glfw/include",
					"$(PROJECT_DIR)/third_party/metal-cpp",
					"$(PROJECT_DIR)/third_party/spdlog/include",
				);
				LIBRARY_SEARCH_PATHS = (
					"$(inherited)",
					"$(PROJECT_DIR)/third_party/glfw/lib-arm64",
				);
				PRODUCT_NAME = "$(TARGET_NAME)";
				SKIP_INSTALL = YES;
			};
			name = Release;
		};
		3EDC0BC42E2F835300A33DAE /* Debug */ = {
			isa = XCBuildConfiguration;
			buildSettings = {
				CODE_SIGN_STYLE = Automatic;
				HEADER_SEARCH_PATHS = (
					"$(PROJECT_DIR)/engine/core/**",
					"$(PROJECT_DIR)/third_party/spdlog/include",
				);
				PRODUCT_NAME = "$(TARGET_NAME)";
			};
			name = Debug;
		};
		3EDC0BC52E2F835300A33DAE /* Release */ = {
			isa = XCBuildConfiguration;
			buildSettings = {
				CODE_SIGN_STYLE = Automatic;
				HEADER_SEARCH_PATHS = (
					"$(PROJECT_DIR)/engine/core/**",
					"$(PROJECT_DIR)/third_party/spdlog/include",
				);
				PRODUCT_NAME = "$(TARGET_NAME)";
			};
			name = Release;
		};
/* End XCBuildConfiguration section */

/* Begin XCConfigurationList section */
		3EDC0AD12E2F70A500A33DAE /* Build configuration list for PBXProject "molten" */ = {
			isa = XCConfigurationList;
			buildConfigurations = (
				3EDC0ADB2E2F70A500A33DAE /* Debug */,
				3EDC0ADC2E2F70A500A33DAE /* Release */,
			);
			defaultConfigurationIsVisible = 0;
			defaultConfigurationName = Release;
		};
		3EDC0BAE2E2F81F200A33DAE /* Build configuration list for PBXNativeTarget "molten.lib" */ = {
			isa = XCConfigurationList;
			buildConfigurations = (
				3EDC0BAF2E2F81F200A33DAE /* Debug */,
				3EDC0BB02E2F81F200A33DAE /* Release */,
			);
			defaultConfigurationIsVisible = 0;
			defaultConfigurationName = Release;
		};
		3EDC0BC32E2F835300A33DAE /* Build configuration list for PBXNativeTarget "molten.app" */ = {
			isa = XCConfigurationList;
			buildConfigurations = (
				3EDC0BC42E2F835300A33DAE /* Debug */,
				3EDC0BC52E2F835300A33DAE /* Release */,
			);
			defaultConfigurationIsVisible = 0;
			defaultConfigurationName = Release;
		};
/* End XCConfigurationList section */
	};
	rootObject = 3EDC0ACE2E2F70A500A33DAE /* Project object */;
}
